// !$*UTF8*$!
{
	archiveVersion = 1;
	classes = {
	};
	objectVersion = 46;
	objects = {

/* Begin PBXBuildFile section */
		8924EE681C37AB9900856531 /* HeaderTopView.m in Sources */ = {isa = PBXBuildFile; fileRef = 8924EE671C37AB9900856531 /* HeaderTopView.m */; };
		8924EE6A1C37ABA500856531 /* HeaderTopView.xib in Resources */ = {isa = PBXBuildFile; fileRef = 8924EE691C37ABA400856531 /* HeaderTopView.xib */; };
		893FC0AC1C259D0B00BA59BD /* AppNavVC.m in Sources */ = {isa = PBXBuildFile; fileRef = 893FC0AB1C259D0B00BA59BD /* AppNavVC.m */; };
		89B438B11BBB7EDC009196B3 /* CoreNavVC.m in Sources */ = {isa = PBXBuildFile; fileRef = 89B438951BBB7EDC009196B3 /* CoreNavVC.m */; };
		89B438B21BBB7EDC009196B3 /* UIColor+NavExtend.m in Sources */ = {isa = PBXBuildFile; fileRef = 89B438991BBB7EDC009196B3 /* UIColor+NavExtend.m */; };
		89B438B31BBB7EDC009196B3 /* UIImage+NavColor.m in Sources */ = {isa = PBXBuildFile; fileRef = 89B4389B1BBB7EDC009196B3 /* UIImage+NavColor.m */; };
		89B438B41BBB7EDC009196B3 /* UINavigationController+FDFullscreenPopGesture.m in Sources */ = {isa = PBXBuildFile; fileRef = 89B4389E1BBB7EDC009196B3 /* UINavigationController+FDFullscreenPopGesture.m */; };
		89B438B51BBB7EDC009196B3 /* ToolNetWorkSolveVC.m in Sources */ = {isa = PBXBuildFile; fileRef = 89B438A11BBB7EDC009196B3 /* ToolNetWorkSolveVC.m */; };
		89B438B61BBB7EDC009196B3 /* ToolNetWorkSolveVC.xib in Resources */ = {isa = PBXBuildFile; fileRef = 89B438A21BBB7EDC009196B3 /* ToolNetWorkSolveVC.xib */; };
		89B438B71BBB7EDC009196B3 /* ToolNetWorkView.m in Sources */ = {isa = PBXBuildFile; fileRef = 89B438A41BBB7EDC009196B3 /* ToolNetWorkView.m */; };
		89B438B81BBB7EDC009196B3 /* ToolNetWorkView.xib in Resources */ = {isa = PBXBuildFile; fileRef = 89B438A51BBB7EDC009196B3 /* ToolNetWorkView.xib */; };
		89B438B91BBB7EDC009196B3 /* UIBarButtonItem+Appearance.m in Sources */ = {isa = PBXBuildFile; fileRef = 89B438A71BBB7EDC009196B3 /* UIBarButtonItem+Appearance.m */; };
		89B438BA1BBB7EDC009196B3 /* UINavigationController+Appearance.m in Sources */ = {isa = PBXBuildFile; fileRef = 89B438A91BBB7EDC009196B3 /* UINavigationController+Appearance.m */; };
		89B438BC1BBB7EDC009196B3 /* TipView.m in Sources */ = {isa = PBXBuildFile; fileRef = 89B438AF1BBB7EDC009196B3 /* TipView.m */; };
		89B438BD1BBB7EDC009196B3 /* TipView.xib in Resources */ = {isa = PBXBuildFile; fileRef = 89B438B01BBB7EDC009196B3 /* TipView.xib */; };
		89BD6A821B9AEAAD00225B4B /* main.m in Sources */ = {isa = PBXBuildFile; fileRef = 89BD6A811B9AEAAD00225B4B /* main.m */; };
		89BD6A851B9AEAAD00225B4B /* AppDelegate.m in Sources */ = {isa = PBXBuildFile; fileRef = 89BD6A841B9AEAAD00225B4B /* AppDelegate.m */; };
		89BD6A881B9AEAAD00225B4B /* ViewController.m in Sources */ = {isa = PBXBuildFile; fileRef = 89BD6A871B9AEAAD00225B4B /* ViewController.m */; };
		89BD6A8B1B9AEAAD00225B4B /* Main.storyboard in Resources */ = {isa = PBXBuildFile; fileRef = 89BD6A891B9AEAAD00225B4B /* Main.storyboard */; };
		89BD6A8D1B9AEAAD00225B4B /* Images.xcassets in Resources */ = {isa = PBXBuildFile; fileRef = 89BD6A8C1B9AEAAD00225B4B /* Images.xcassets */; };
		89BD6A901B9AEAAD00225B4B /* LaunchScreen.xib in Resources */ = {isa = PBXBuildFile; fileRef = 89BD6A8E1B9AEAAD00225B4B /* LaunchScreen.xib */; };
		89BD6A9C1B9AEAAD00225B4B /* CoreNavVCTests.m in Sources */ = {isa = PBXBuildFile; fileRef = 89BD6A9B1B9AEAAD00225B4B /* CoreNavVCTests.m */; };
		89BD6ACD1B9AEB5B00225B4B /* CoreStatus.m in Sources */ = {isa = PBXBuildFile; fileRef = 89BD6AC91B9AEB5B00225B4B /* CoreStatus.m */; };
		89BD6ACE1B9AEB5B00225B4B /* Reachability.m in Sources */ = {isa = PBXBuildFile; fileRef = 89BD6ACC1B9AEB5B00225B4B /* Reachability.m */; };
		89DB14D61C2AC93E00FF6667 /* CoreNavVC+TipView.m in Sources */ = {isa = PBXBuildFile; fileRef = 89DB14D51C2AC93E00FF6667 /* CoreNavVC+TipView.m */; };
		89DB14D91C2AC9DA00FF6667 /* CoreNavVC+Reachability.m in Sources */ = {isa = PBXBuildFile; fileRef = 89DB14D81C2AC9DA00FF6667 /* CoreNavVC+Reachability.m */; };
		89DB14DC1C2ACA3A00FF6667 /* CoreNavVC+LifeFunc.m in Sources */ = {isa = PBXBuildFile; fileRef = 89DB14DB1C2ACA3A00FF6667 /* CoreNavVC+LifeFunc.m */; };
		89DB14DF1C2ACB4600FF6667 /* CoreNavVC+Push_Pop.m in Sources */ = {isa = PBXBuildFile; fileRef = 89DB14DE1C2ACB4600FF6667 /* CoreNavVC+Push_Pop.m */; };
		89DB14E21C2ACE8100FF6667 /* UINavigationController+Plus.m in Sources */ = {isa = PBXBuildFile; fileRef = 89DB14E11C2ACE8100FF6667 /* UINavigationController+Plus.m */; };
		89DB14E81C2AD16200FF6667 /* VCPopView.m in Sources */ = {isa = PBXBuildFile; fileRef = 89DB14E71C2AD16200FF6667 /* VCPopView.m */; };
		89DB14EA1C2AD16C00FF6667 /* VCPopView.xib in Resources */ = {isa = PBXBuildFile; fileRef = 89DB14E91C2AD16C00FF6667 /* VCPopView.xib */; };
		89DB14ED1C2AD32700FF6667 /* VC2.m in Sources */ = {isa = PBXBuildFile; fileRef = 89DB14EC1C2AD32700FF6667 /* VC2.m */; };
		89DB14F01C2AD8AD00FF6667 /* UIViewController+scrollNavBar.m in Sources */ = {isa = PBXBuildFile; fileRef = 89DB14EF1C2AD8AD00FF6667 /* UIViewController+scrollNavBar.m */; };
		89DF027E1C1BD0690068C719 /* CoreNavVC.bundle in Resources */ = {isa = PBXBuildFile; fileRef = 89DF027D1C1BD0690068C719 /* CoreNavVC.bundle */; };
/* End PBXBuildFile section */

/* Begin PBXContainerItemProxy section */
		89BD6A961B9AEAAD00225B4B /* PBXContainerItemProxy */ = {
			isa = PBXContainerItemProxy;
			containerPortal = 89BD6A741B9AEAAD00225B4B /* Project object */;
			proxyType = 1;
			remoteGlobalIDString = 89BD6A7B1B9AEAAD00225B4B;
			remoteInfo = CoreNavVC;
		};
/* End PBXContainerItemProxy section */

/* Begin PBXFileReference section */
		8924EE661C37AB9900856531 /* HeaderTopView.h */ = {isa = PBXFileReference; fileEncoding = 4; lastKnownFileType = sourcecode.c.h; path = HeaderTopView.h; sourceTree = "<group>"; };
		8924EE671C37AB9900856531 /* HeaderTopView.m */ = {isa = PBXFileReference; fileEncoding = 4; lastKnownFileType = sourcecode.c.objc; path = HeaderTopView.m; sourceTree = "<group>"; };
		8924EE691C37ABA400856531 /* HeaderTopView.xib */ = {isa = PBXFileReference; fileEncoding = 4; lastKnownFileType = file.xib; path = HeaderTopView.xib; sourceTree = "<group>"; };
		8924EE6C1C37C8D000856531 /* CategoryProperty+CoreNavVC.h */ = {isa = PBXFileReference; lastKnownFileType = sourcecode.c.h; path = "CategoryProperty+CoreNavVC.h"; sourceTree = "<group>"; };
		893FC0AA1C259D0B00BA59BD /* AppNavVC.h */ = {isa = PBXFileReference; fileEncoding = 4; lastKnownFileType = sourcecode.c.h; path = AppNavVC.h; sourceTree = "<group>"; };
		893FC0AB1C259D0B00BA59BD /* AppNavVC.m */ = {isa = PBXFileReference; fileEncoding = 4; lastKnownFileType = sourcecode.c.objc; path = AppNavVC.m; sourceTree = "<group>"; };
		89B438941BBB7EDC009196B3 /* CoreNavVC.h */ = {isa = PBXFileReference; fileEncoding = 4; lastKnownFileType = sourcecode.c.h; path = CoreNavVC.h; sourceTree = "<group>"; };
		89B438951BBB7EDC009196B3 /* CoreNavVC.m */ = {isa = PBXFileReference; fileEncoding = 4; lastKnownFileType = sourcecode.c.objc; path = CoreNavVC.m; sourceTree = "<group>"; };
		89B438981BBB7EDC009196B3 /* UIColor+NavExtend.h */ = {isa = PBXFileReference; fileEncoding = 4; lastKnownFileType = sourcecode.c.h; path = "UIColor+NavExtend.h"; sourceTree = "<group>"; };
		89B438991BBB7EDC009196B3 /* UIColor+NavExtend.m */ = {isa = PBXFileReference; fileEncoding = 4; lastKnownFileType = sourcecode.c.objc; path = "UIColor+NavExtend.m"; sourceTree = "<group>"; };
		89B4389A1BBB7EDC009196B3 /* UIImage+NavColor.h */ = {isa = PBXFileReference; fileEncoding = 4; lastKnownFileType = sourcecode.c.h; path = "UIImage+NavColor.h"; sourceTree = "<group>"; };
		89B4389B1BBB7EDC009196B3 /* UIImage+NavColor.m */ = {isa = PBXFileReference; fileEncoding = 4; lastKnownFileType = sourcecode.c.objc; path = "UIImage+NavColor.m"; sourceTree = "<group>"; };
		89B4389D1BBB7EDC009196B3 /* UINavigationController+FDFullscreenPopGesture.h */ = {isa = PBXFileReference; fileEncoding = 4; lastKnownFileType = sourcecode.c.h; path = "UINavigationController+FDFullscreenPopGesture.h"; sourceTree = "<group>"; };
		89B4389E1BBB7EDC009196B3 /* UINavigationController+FDFullscreenPopGesture.m */ = {isa = PBXFileReference; fileEncoding = 4; lastKnownFileType = sourcecode.c.objc; path = "UINavigationController+FDFullscreenPopGesture.m"; sourceTree = "<group>"; };
		89B438A01BBB7EDC009196B3 /* ToolNetWorkSolveVC.h */ = {isa = PBXFileReference; fileEncoding = 4; lastKnownFileType = sourcecode.c.h; path = ToolNetWorkSolveVC.h; sourceTree = "<group>"; };
		89B438A11BBB7EDC009196B3 /* ToolNetWorkSolveVC.m */ = {isa = PBXFileReference; fileEncoding = 4; lastKnownFileType = sourcecode.c.objc; path = ToolNetWorkSolveVC.m; sourceTree = "<group>"; };
		89B438A21BBB7EDC009196B3 /* ToolNetWorkSolveVC.xib */ = {isa = PBXFileReference; fileEncoding = 4; lastKnownFileType = file.xib; path = ToolNetWorkSolveVC.xib; sourceTree = "<group>"; };
		89B438A31BBB7EDC009196B3 /* ToolNetWorkView.h */ = {isa = PBXFileReference; fileEncoding = 4; lastKnownFileType = sourcecode.c.h; path = ToolNetWorkView.h; sourceTree = "<group>"; };
		89B438A41BBB7EDC009196B3 /* ToolNetWorkView.m */ = {isa = PBXFileReference; fileEncoding = 4; lastKnownFileType = sourcecode.c.objc; path = ToolNetWorkView.m; sourceTree = "<group>"; };
		89B438A51BBB7EDC009196B3 /* ToolNetWorkView.xib */ = {isa = PBXFileReference; fileEncoding = 4; lastKnownFileType = file.xib; path = ToolNetWorkView.xib; sourceTree = "<group>"; };
		89B438A61BBB7EDC009196B3 /* UIBarButtonItem+Appearance.h */ = {isa = PBXFileReference; fileEncoding = 4; lastKnownFileType = sourcecode.c.h; path = "UIBarButtonItem+Appearance.h"; sourceTree = "<group>"; };
		89B438A71BBB7EDC009196B3 /* UIBarButtonItem+Appearance.m */ = {isa = PBXFileReference; fileEncoding = 4; lastKnownFileType = sourcecode.c.objc; path = "UIBarButtonItem+Appearance.m"; sourceTree = "<group>"; };
		89B438A81BBB7EDC009196B3 /* UINavigationController+Appearance.h */ = {isa = PBXFileReference; fileEncoding = 4; lastKnownFileType = sourcecode.c.h; path = "UINavigationController+Appearance.h"; sourceTree = "<group>"; };
		89B438A91BBB7EDC009196B3 /* UINavigationController+Appearance.m */ = {isa = PBXFileReference; fileEncoding = 4; lastKnownFileType = sourcecode.c.objc; path = "UINavigationController+Appearance.m"; sourceTree = "<group>"; };
		89B438AE1BBB7EDC009196B3 /* TipView.h */ = {isa = PBXFileReference; fileEncoding = 4; lastKnownFileType = sourcecode.c.h; path = TipView.h; sourceTree = "<group>"; };
		89B438AF1BBB7EDC009196B3 /* TipView.m */ = {isa = PBXFileReference; fileEncoding = 4; lastKnownFileType = sourcecode.c.objc; path = TipView.m; sourceTree = "<group>"; };
		89B438B01BBB7EDC009196B3 /* TipView.xib */ = {isa = PBXFileReference; fileEncoding = 4; lastKnownFileType = file.xib; path = TipView.xib; sourceTree = "<group>"; };
		89BD6A7C1B9AEAAD00225B4B /* CoreNavVC.app */ = {isa = PBXFileReference; explicitFileType = wrapper.application; includeInIndex = 0; path = CoreNavVC.app; sourceTree = BUILT_PRODUCTS_DIR; };
		89BD6A801B9AEAAD00225B4B /* Info.plist */ = {isa = PBXFileReference; lastKnownFileType = text.plist.xml; path = Info.plist; sourceTree = "<group>"; };
		89BD6A811B9AEAAD00225B4B /* main.m */ = {isa = PBXFileReference; lastKnownFileType = sourcecode.c.objc; path = main.m; sourceTree = "<group>"; };
		89BD6A831B9AEAAD00225B4B /* AppDelegate.h */ = {isa = PBXFileReference; lastKnownFileType = sourcecode.c.h; path = AppDelegate.h; sourceTree = "<group>"; };
		89BD6A841B9AEAAD00225B4B /* AppDelegate.m */ = {isa = PBXFileReference; lastKnownFileType = sourcecode.c.objc; path = AppDelegate.m; sourceTree = "<group>"; };
		89BD6A861B9AEAAD00225B4B /* ViewController.h */ = {isa = PBXFileReference; lastKnownFileType = sourcecode.c.h; path = ViewController.h; sourceTree = "<group>"; };
		89BD6A871B9AEAAD00225B4B /* ViewController.m */ = {isa = PBXFileReference; lastKnownFileType = sourcecode.c.objc; path = ViewController.m; sourceTree = "<group>"; };
		89BD6A8A1B9AEAAD00225B4B /* Base */ = {isa = PBXFileReference; lastKnownFileType = file.storyboard; name = Base; path = Base.lproj/Main.storyboard; sourceTree = "<group>"; };
		89BD6A8C1B9AEAAD00225B4B /* Images.xcassets */ = {isa = PBXFileReference; lastKnownFileType = folder.assetcatalog; path = Images.xcassets; sourceTree = "<group>"; };
		89BD6A8F1B9AEAAD00225B4B /* Base */ = {isa = PBXFileReference; lastKnownFileType = file.xib; name = Base; path = Base.lproj/LaunchScreen.xib; sourceTree = "<group>"; };
		89BD6A951B9AEAAD00225B4B /* CoreNavVCTests.xctest */ = {isa = PBXFileReference; explicitFileType = wrapper.cfbundle; includeInIndex = 0; path = CoreNavVCTests.xctest; sourceTree = BUILT_PRODUCTS_DIR; };
		89BD6A9A1B9AEAAD00225B4B /* Info.plist */ = {isa = PBXFileReference; lastKnownFileType = text.plist.xml; path = Info.plist; sourceTree = "<group>"; };
		89BD6A9B1B9AEAAD00225B4B /* CoreNavVCTests.m */ = {isa = PBXFileReference; lastKnownFileType = sourcecode.c.objc; path = CoreNavVCTests.m; sourceTree = "<group>"; };
		89BD6AC81B9AEB5B00225B4B /* CoreStatus.h */ = {isa = PBXFileReference; fileEncoding = 4; lastKnownFileType = sourcecode.c.h; path = CoreStatus.h; sourceTree = "<group>"; };
		89BD6AC91B9AEB5B00225B4B /* CoreStatus.m */ = {isa = PBXFileReference; fileEncoding = 4; lastKnownFileType = sourcecode.c.objc; path = CoreStatus.m; sourceTree = "<group>"; };
		89BD6ACB1B9AEB5B00225B4B /* Reachability.h */ = {isa = PBXFileReference; fileEncoding = 4; lastKnownFileType = sourcecode.c.h; path = Reachability.h; sourceTree = "<group>"; };
		89BD6ACC1B9AEB5B00225B4B /* Reachability.m */ = {isa = PBXFileReference; fileEncoding = 4; lastKnownFileType = sourcecode.c.objc; path = Reachability.m; sourceTree = "<group>"; };
		89DB14D41C2AC93E00FF6667 /* CoreNavVC+TipView.h */ = {isa = PBXFileReference; fileEncoding = 4; lastKnownFileType = sourcecode.c.h; path = "CoreNavVC+TipView.h"; sourceTree = "<group>"; };
		89DB14D51C2AC93E00FF6667 /* CoreNavVC+TipView.m */ = {isa = PBXFileReference; fileEncoding = 4; lastKnownFileType = sourcecode.c.objc; path = "CoreNavVC+TipView.m"; sourceTree = "<group>"; };
		89DB14D71C2AC9DA00FF6667 /* CoreNavVC+Reachability.h */ = {isa = PBXFileReference; fileEncoding = 4; lastKnownFileType = sourcecode.c.h; path = "CoreNavVC+Reachability.h"; sourceTree = "<group>"; };
		89DB14D81C2AC9DA00FF6667 /* CoreNavVC+Reachability.m */ = {isa = PBXFileReference; fileEncoding = 4; lastKnownFileType = sourcecode.c.objc; path = "CoreNavVC+Reachability.m"; sourceTree = "<group>"; };
		89DB14DA1C2ACA3A00FF6667 /* CoreNavVC+LifeFunc.h */ = {isa = PBXFileReference; fileEncoding = 4; lastKnownFileType = sourcecode.c.h; path = "CoreNavVC+LifeFunc.h"; sourceTree = "<group>"; };
		89DB14DB1C2ACA3A00FF6667 /* CoreNavVC+LifeFunc.m */ = {isa = PBXFileReference; fileEncoding = 4; lastKnownFileType = sourcecode.c.objc; path = "CoreNavVC+LifeFunc.m"; sourceTree = "<group>"; };
		89DB14DD1C2ACB4600FF6667 /* CoreNavVC+Push_Pop.h */ = {isa = PBXFileReference; fileEncoding = 4; lastKnownFileType = sourcecode.c.h; path = "CoreNavVC+Push_Pop.h"; sourceTree = "<group>"; };
		89DB14DE1C2ACB4600FF6667 /* CoreNavVC+Push_Pop.m */ = {isa = PBXFileReference; fileEncoding = 4; lastKnownFileType = sourcecode.c.objc; path = "CoreNavVC+Push_Pop.m"; sourceTree = "<group>"; };
		89DB14E01C2ACE8100FF6667 /* UINavigationController+Plus.h */ = {isa = PBXFileReference; fileEncoding = 4; lastKnownFileType = sourcecode.c.h; path = "UINavigationController+Plus.h"; sourceTree = "<group>"; };
		89DB14E11C2ACE8100FF6667 /* UINavigationController+Plus.m */ = {isa = PBXFileReference; fileEncoding = 4; lastKnownFileType = sourcecode.c.objc; path = "UINavigationController+Plus.m"; sourceTree = "<group>"; };
		89DB14E61C2AD16200FF6667 /* VCPopView.h */ = {isa = PBXFileReference; fileEncoding = 4; lastKnownFileType = sourcecode.c.h; path = VCPopView.h; sourceTree = "<group>"; };
		89DB14E71C2AD16200FF6667 /* VCPopView.m */ = {isa = PBXFileReference; fileEncoding = 4; lastKnownFileType = sourcecode.c.objc; path = VCPopView.m; sourceTree = "<group>"; };
		89DB14E91C2AD16C00FF6667 /* VCPopView.xib */ = {isa = PBXFileReference; fileEncoding = 4; lastKnownFileType = file.xib; path = VCPopView.xib; sourceTree = "<group>"; };
		89DB14EB1C2AD32700FF6667 /* VC2.h */ = {isa = PBXFileReference; fileEncoding = 4; lastKnownFileType = sourcecode.c.h; path = VC2.h; sourceTree = "<group>"; };
		89DB14EC1C2AD32700FF6667 /* VC2.m */ = {isa = PBXFileReference; fileEncoding = 4; lastKnownFileType = sourcecode.c.objc; path = VC2.m; sourceTree = "<group>"; };
		89DB14EE1C2AD8AD00FF6667 /* UIViewController+scrollNavBar.h */ = {isa = PBXFileReference; fileEncoding = 4; lastKnownFileType = sourcecode.c.h; path = "UIViewController+scrollNavBar.h"; sourceTree = "<group>"; };
		89DB14EF1C2AD8AD00FF6667 /* UIViewController+scrollNavBar.m */ = {isa = PBXFileReference; fileEncoding = 4; lastKnownFileType = sourcecode.c.objc; path = "UIViewController+scrollNavBar.m"; sourceTree = "<group>"; };
		89DF027D1C1BD0690068C719 /* CoreNavVC.bundle */ = {isa = PBXFileReference; lastKnownFileType = "wrapper.plug-in"; path = CoreNavVC.bundle; sourceTree = "<group>"; };
/* End PBXFileReference section */

/* Begin PBXFrameworksBuildPhase section */
		89BD6A791B9AEAAD00225B4B /* Frameworks */ = {
			isa = PBXFrameworksBuildPhase;
			buildActionMask = 2147483647;
			files = (
			);
			runOnlyForDeploymentPostprocessing = 0;
		};
		89BD6A921B9AEAAD00225B4B /* Frameworks */ = {
			isa = PBXFrameworksBuildPhase;
			buildActionMask = 2147483647;
			files = (
			);
			runOnlyForDeploymentPostprocessing = 0;
		};
/* End PBXFrameworksBuildPhase section */

/* Begin PBXGroup section */
		8924EE6B1C37C8B900856531 /* CategoryProperty */ = {
			isa = PBXGroup;
			children = (
				8924EE6C1C37C8D000856531 /* CategoryProperty+CoreNavVC.h */,
			);
			path = CategoryProperty;
			sourceTree = "<group>";
		};
		89B438931BBB7EDC009196B3 /* CoreNavVC */ = {
			isa = PBXGroup;
			children = (
				89B438941BBB7EDC009196B3 /* CoreNavVC.h */,
				89B438951BBB7EDC009196B3 /* CoreNavVC.m */,
				89B438961BBB7EDC009196B3 /* Lib */,
			);
			path = CoreNavVC;
			sourceTree = "<group>";
		};
		89B438961BBB7EDC009196B3 /* Lib */ = {
			isa = PBXGroup;
			children = (
				8924EE6B1C37C8B900856531 /* CategoryProperty */,
				89DB14D01C2AC90800FF6667 /* Controller */,
				89B438971BBB7EDC009196B3 /* Category */,
				89B4389C1BBB7EDC009196B3 /* FDFullscreenPopGesture */,
				89B4389F1BBB7EDC009196B3 /* NetWork */,
				89B438AB1BBB7EDC009196B3 /* Resource */,
				89B438AD1BBB7EDC009196B3 /* TipView */,
			);
			path = Lib;
			sourceTree = "<group>";
		};
		89B438971BBB7EDC009196B3 /* Category */ = {
			isa = PBXGroup;
			children = (
				89B438981BBB7EDC009196B3 /* UIColor+NavExtend.h */,
				89B438991BBB7EDC009196B3 /* UIColor+NavExtend.m */,
				89B4389A1BBB7EDC009196B3 /* UIImage+NavColor.h */,
				89B4389B1BBB7EDC009196B3 /* UIImage+NavColor.m */,
			);
			path = Category;
			sourceTree = "<group>";
		};
		89B4389C1BBB7EDC009196B3 /* FDFullscreenPopGesture */ = {
			isa = PBXGroup;
			children = (
				89B4389D1BBB7EDC009196B3 /* UINavigationController+FDFullscreenPopGesture.h */,
				89B4389E1BBB7EDC009196B3 /* UINavigationController+FDFullscreenPopGesture.m */,
			);
			path = FDFullscreenPopGesture;
			sourceTree = "<group>";
		};
		89B4389F1BBB7EDC009196B3 /* NetWork */ = {
			isa = PBXGroup;
			children = (
				89B438A01BBB7EDC009196B3 /* ToolNetWorkSolveVC.h */,
				89B438A11BBB7EDC009196B3 /* ToolNetWorkSolveVC.m */,
				89B438A21BBB7EDC009196B3 /* ToolNetWorkSolveVC.xib */,
				89B438A31BBB7EDC009196B3 /* ToolNetWorkView.h */,
				89B438A41BBB7EDC009196B3 /* ToolNetWorkView.m */,
				89B438A51BBB7EDC009196B3 /* ToolNetWorkView.xib */,
				89B438A61BBB7EDC009196B3 /* UIBarButtonItem+Appearance.h */,
				89B438A71BBB7EDC009196B3 /* UIBarButtonItem+Appearance.m */,
				89B438A81BBB7EDC009196B3 /* UINavigationController+Appearance.h */,
				89B438A91BBB7EDC009196B3 /* UINavigationController+Appearance.m */,
			);
			path = NetWork;
			sourceTree = "<group>";
		};
		89B438AB1BBB7EDC009196B3 /* Resource */ = {
			isa = PBXGroup;
			children = (
				89DF027D1C1BD0690068C719 /* CoreNavVC.bundle */,
			);
			path = Resource;
			sourceTree = "<group>";
		};
		89B438AD1BBB7EDC009196B3 /* TipView */ = {
			isa = PBXGroup;
			children = (
				89B438AE1BBB7EDC009196B3 /* TipView.h */,
				89B438AF1BBB7EDC009196B3 /* TipView.m */,
				89B438B01BBB7EDC009196B3 /* TipView.xib */,
			);
			path = TipView;
			sourceTree = "<group>";
		};
		89BD6A731B9AEAAD00225B4B = {
			isa = PBXGroup;
			children = (
				89BD6A7E1B9AEAAD00225B4B /* CoreNavVC */,
				89BD6A981B9AEAAD00225B4B /* CoreNavVCTests */,
				89BD6A7D1B9AEAAD00225B4B /* Products */,
			);
			sourceTree = "<group>";
		};
		89BD6A7D1B9AEAAD00225B4B /* Products */ = {
			isa = PBXGroup;
			children = (
				89BD6A7C1B9AEAAD00225B4B /* CoreNavVC.app */,
				89BD6A951B9AEAAD00225B4B /* CoreNavVCTests.xctest */,
			);
			name = Products;
			sourceTree = "<group>";
		};
		89BD6A7E1B9AEAAD00225B4B /* CoreNavVC */ = {
			isa = PBXGroup;
			children = (
				89B438931BBB7EDC009196B3 /* CoreNavVC */,
				89BD6AA61B9AEACC00225B4B /* Framework */,
				89BD6A831B9AEAAD00225B4B /* AppDelegate.h */,
				89BD6A841B9AEAAD00225B4B /* AppDelegate.m */,
				89BD6A861B9AEAAD00225B4B /* ViewController.h */,
				89BD6A871B9AEAAD00225B4B /* ViewController.m */,
				89DB14EB1C2AD32700FF6667 /* VC2.h */,
				89DB14EC1C2AD32700FF6667 /* VC2.m */,
				8924EE661C37AB9900856531 /* HeaderTopView.h */,
				8924EE671C37AB9900856531 /* HeaderTopView.m */,
				8924EE691C37ABA400856531 /* HeaderTopView.xib */,
				893FC0AA1C259D0B00BA59BD /* AppNavVC.h */,
				893FC0AB1C259D0B00BA59BD /* AppNavVC.m */,
				89BD6A891B9AEAAD00225B4B /* Main.storyboard */,
				89BD6A8C1B9AEAAD00225B4B /* Images.xcassets */,
				89BD6A8E1B9AEAAD00225B4B /* LaunchScreen.xib */,
				89BD6A7F1B9AEAAD00225B4B /* Supporting Files */,
			);
			path = CoreNavVC;
			sourceTree = "<group>";
		};
		89BD6A7F1B9AEAAD00225B4B /* Supporting Files */ = {
			isa = PBXGroup;
			children = (
				89BD6A801B9AEAAD00225B4B /* Info.plist */,
				89BD6A811B9AEAAD00225B4B /* main.m */,
			);
			name = "Supporting Files";
			sourceTree = "<group>";
		};
		89BD6A981B9AEAAD00225B4B /* CoreNavVCTests */ = {
			isa = PBXGroup;
			children = (
				89BD6A9B1B9AEAAD00225B4B /* CoreNavVCTests.m */,
				89BD6A991B9AEAAD00225B4B /* Supporting Files */,
			);
			path = CoreNavVCTests;
			sourceTree = "<group>";
		};
		89BD6A991B9AEAAD00225B4B /* Supporting Files */ = {
			isa = PBXGroup;
			children = (
				89BD6A9A1B9AEAAD00225B4B /* Info.plist */,
			);
			name = "Supporting Files";
			sourceTree = "<group>";
		};
		89BD6AA61B9AEACC00225B4B /* Framework */ = {
			isa = PBXGroup;
			children = (
				89BD6AC71B9AEB5B00225B4B /* CoreStatus */,
			);
			path = Framework;
			sourceTree = "<group>";
		};
		89BD6AC71B9AEB5B00225B4B /* CoreStatus */ = {
			isa = PBXGroup;
			children = (
				89BD6AC81B9AEB5B00225B4B /* CoreStatus.h */,
				89BD6AC91B9AEB5B00225B4B /* CoreStatus.m */,
				89BD6ACA1B9AEB5B00225B4B /* Reachability */,
			);
			path = CoreStatus;
			sourceTree = "<group>";
		};
		89BD6ACA1B9AEB5B00225B4B /* Reachability */ = {
			isa = PBXGroup;
			children = (
				89BD6ACB1B9AEB5B00225B4B /* Reachability.h */,
				89BD6ACC1B9AEB5B00225B4B /* Reachability.m */,
			);
			path = Reachability;
			sourceTree = "<group>";
		};
		89DB14D01C2AC90800FF6667 /* Controller */ = {
			isa = PBXGroup;
			children = (
				89DB14D41C2AC93E00FF6667 /* CoreNavVC+TipView.h */,
				89DB14D51C2AC93E00FF6667 /* CoreNavVC+TipView.m */,
				89DB14D71C2AC9DA00FF6667 /* CoreNavVC+Reachability.h */,
				89DB14D81C2AC9DA00FF6667 /* CoreNavVC+Reachability.m */,
				89DB14DA1C2ACA3A00FF6667 /* CoreNavVC+LifeFunc.h */,
				89DB14DB1C2ACA3A00FF6667 /* CoreNavVC+LifeFunc.m */,
				89DB14DD1C2ACB4600FF6667 /* CoreNavVC+Push_Pop.h */,
				89DB14DE1C2ACB4600FF6667 /* CoreNavVC+Push_Pop.m */,
				89DB14E01C2ACE8100FF6667 /* UINavigationController+Plus.h */,
				89DB14E11C2ACE8100FF6667 /* UINavigationController+Plus.m */,
				89DB14EE1C2AD8AD00FF6667 /* UIViewController+scrollNavBar.h */,
				89DB14EF1C2AD8AD00FF6667 /* UIViewController+scrollNavBar.m */,
				89DB14E61C2AD16200FF6667 /* VCPopView.h */,
				89DB14E71C2AD16200FF6667 /* VCPopView.m */,
				89DB14E91C2AD16C00FF6667 /* VCPopView.xib */,
			);
			path = Controller;
			sourceTree = "<group>";
		};
/* End PBXGroup section */

/* Begin PBXNativeTarget section */
		89BD6A7B1B9AEAAD00225B4B /* CoreNavVC */ = {
			isa = PBXNativeTarget;
			buildConfigurationList = 89BD6A9F1B9AEAAD00225B4B /* Build configuration list for PBXNativeTarget "CoreNavVC" */;
			buildPhases = (
				89BD6A781B9AEAAD00225B4B /* Sources */,
				89BD6A791B9AEAAD00225B4B /* Frameworks */,
				89BD6A7A1B9AEAAD00225B4B /* Resources */,
			);
			buildRules = (
			);
			dependencies = (
			);
			name = CoreNavVC;
			productName = CoreNavVC;
			productReference = 89BD6A7C1B9AEAAD00225B4B /* CoreNavVC.app */;
			productType = "com.apple.product-type.application";
		};
		89BD6A941B9AEAAD00225B4B /* CoreNavVCTests */ = {
			isa = PBXNativeTarget;
			buildConfigurationList = 89BD6AA21B9AEAAD00225B4B /* Build configuration list for PBXNativeTarget "CoreNavVCTests" */;
			buildPhases = (
				89BD6A911B9AEAAD00225B4B /* Sources */,
				89BD6A921B9AEAAD00225B4B /* Frameworks */,
				89BD6A931B9AEAAD00225B4B /* Resources */,
			);
			buildRules = (
			);
			dependencies = (
				89BD6A971B9AEAAD00225B4B /* PBXTargetDependency */,
			);
			name = CoreNavVCTests;
			productName = CoreNavVCTests;
			productReference = 89BD6A951B9AEAAD00225B4B /* CoreNavVCTests.xctest */;
			productType = "com.apple.product-type.bundle.unit-test";
		};
/* End PBXNativeTarget section */

/* Begin PBXProject section */
		89BD6A741B9AEAAD00225B4B /* Project object */ = {
			isa = PBXProject;
			attributes = {
				LastUpgradeCheck = 0630;
				ORGANIZATIONNAME = "冯成林";
				TargetAttributes = {
					89BD6A7B1B9AEAAD00225B4B = {
						CreatedOnToolsVersion = 6.3.1;
						DevelopmentTeam = P2957GLTVA;
					};
					89BD6A941B9AEAAD00225B4B = {
						CreatedOnToolsVersion = 6.3.1;
						DevelopmentTeam = P2957GLTVA;
						TestTargetID = 89BD6A7B1B9AEAAD00225B4B;
					};
				};
			};
			buildConfigurationList = 89BD6A771B9AEAAD00225B4B /* Build configuration list for PBXProject "CoreNavVC" */;
			compatibilityVersion = "Xcode 3.2";
			developmentRegion = English;
			hasScannedForEncodings = 0;
			knownRegions = (
				en,
				Base,
			);
			mainGroup = 89BD6A731B9AEAAD00225B4B;
			productRefGroup = 89BD6A7D1B9AEAAD00225B4B /* Products */;
			projectDirPath = "";
			projectRoot = "";
			targets = (
				89BD6A7B1B9AEAAD00225B4B /* CoreNavVC */,
				89BD6A941B9AEAAD00225B4B /* CoreNavVCTests */,
			);
		};
/* End PBXProject section */

/* Begin PBXResourcesBuildPhase section */
		89BD6A7A1B9AEAAD00225B4B /* Resources */ = {
			isa = PBXResourcesBuildPhase;
			buildActionMask = 2147483647;
			files = (
				89B438B81BBB7EDC009196B3 /* ToolNetWorkView.xib in Resources */,
				89DB14EA1C2AD16C00FF6667 /* VCPopView.xib in Resources */,
				89BD6A8B1B9AEAAD00225B4B /* Main.storyboard in Resources */,
				8924EE6A1C37ABA500856531 /* HeaderTopView.xib in Resources */,
				89B438B61BBB7EDC009196B3 /* ToolNetWorkSolveVC.xib in Resources */,
				89BD6A901B9AEAAD00225B4B /* LaunchScreen.xib in Resources */,
				89BD6A8D1B9AEAAD00225B4B /* Images.xcassets in Resources */,
				89DF027E1C1BD0690068C719 /* CoreNavVC.bundle in Resources */,
				89B438BD1BBB7EDC009196B3 /* TipView.xib in Resources */,
			);
			runOnlyForDeploymentPostprocessing = 0;
		};
		89BD6A931B9AEAAD00225B4B /* Resources */ = {
			isa = PBXResourcesBuildPhase;
			buildActionMask = 2147483647;
			files = (
			);
			runOnlyForDeploymentPostprocessing = 0;
		};
/* End PBXResourcesBuildPhase section */

/* Begin PBXSourcesBuildPhase section */
		89BD6A781B9AEAAD00225B4B /* Sources */ = {
			isa = PBXSourcesBuildPhase;
			buildActionMask = 2147483647;
			files = (
				89B438B91BBB7EDC009196B3 /* UIBarButtonItem+Appearance.m in Sources */,
				89BD6ACE1B9AEB5B00225B4B /* Reachability.m in Sources */,
				89DB14DF1C2ACB4600FF6667 /* CoreNavVC+Push_Pop.m in Sources */,
				89B438BA1BBB7EDC009196B3 /* UINavigationController+Appearance.m in Sources */,
				89DB14DC1C2ACA3A00FF6667 /* CoreNavVC+LifeFunc.m in Sources */,
				89B438B11BBB7EDC009196B3 /* CoreNavVC.m in Sources */,
				89B438BC1BBB7EDC009196B3 /* TipView.m in Sources */,
				89BD6A881B9AEAAD00225B4B /* ViewController.m in Sources */,
				89B438B51BBB7EDC009196B3 /* ToolNetWorkSolveVC.m in Sources */,
				8924EE681C37AB9900856531 /* HeaderTopView.m in Sources */,
				893FC0AC1C259D0B00BA59BD /* AppNavVC.m in Sources */,
				89DB14D61C2AC93E00FF6667 /* CoreNavVC+TipView.m in Sources */,
				89DB14ED1C2AD32700FF6667 /* VC2.m in Sources */,
				89B438B71BBB7EDC009196B3 /* ToolNetWorkView.m in Sources */,
				89B438B41BBB7EDC009196B3 /* UINavigationController+FDFullscreenPopGesture.m in Sources */,
				89DB14E81C2AD16200FF6667 /* VCPopView.m in Sources */,
				89DB14F01C2AD8AD00FF6667 /* UIViewController+scrollNavBar.m in Sources */,
				89DB14E21C2ACE8100FF6667 /* UINavigationController+Plus.m in Sources */,
				89B438B21BBB7EDC009196B3 /* UIColor+NavExtend.m in Sources */,
				89BD6A851B9AEAAD00225B4B /* AppDelegate.m in Sources */,
				89B438B31BBB7EDC009196B3 /* UIImage+NavColor.m in Sources */,
				89DB14D91C2AC9DA00FF6667 /* CoreNavVC+Reachability.m in Sources */,
				89BD6ACD1B9AEB5B00225B4B /* CoreStatus.m in Sources */,
				89BD6A821B9AEAAD00225B4B /* main.m in Sources */,
			);
			runOnlyForDeploymentPostprocessing = 0;
		};
		89BD6A911B9AEAAD00225B4B /* Sources */ = {
			isa = PBXSourcesBuildPhase;
			buildActionMask = 2147483647;
			files = (
				89BD6A9C1B9AEAAD00225B4B /* CoreNavVCTests.m in Sources */,
			);
			runOnlyForDeploymentPostprocessing = 0;
		};
/* End PBXSourcesBuildPhase section */

/* Begin PBXTargetDependency section */
		89BD6A971B9AEAAD00225B4B /* PBXTargetDependency */ = {
			isa = PBXTargetDependency;
			target = 89BD6A7B1B9AEAAD00225B4B /* CoreNavVC */;
			targetProxy = 89BD6A961B9AEAAD00225B4B /* PBXContainerItemProxy */;
		};
/* End PBXTargetDependency section */

/* Begin PBXVariantGroup section */
		89BD6A891B9AEAAD00225B4B /* Main.storyboard */ = {
			isa = PBXVariantGroup;
			children = (
				89BD6A8A1B9AEAAD00225B4B /* Base */,
			);
			name = Main.storyboard;
			sourceTree = "<group>";
		};
		89BD6A8E1B9AEAAD00225B4B /* LaunchScreen.xib */ = {
			isa = PBXVariantGroup;
			children = (
				89BD6A8F1B9AEAAD00225B4B /* Base */,
			);
			name = LaunchScreen.xib;
			sourceTree = "<group>";
		};
/* End PBXVariantGroup section */

/* Begin XCBuildConfiguration section */
		89BD6A9D1B9AEAAD00225B4B /* Debug */ = {
			isa = XCBuildConfiguration;
			buildSettings = {
				ALWAYS_SEARCH_USER_PATHS = NO;
				CLANG_CXX_LANGUAGE_STANDARD = "gnu++0x";
				CLANG_CXX_LIBRARY = "libc++";
				CLANG_ENABLE_MODULES = YES;
				CLANG_ENABLE_OBJC_ARC = YES;
				CLANG_WARN_BOOL_CONVERSION = YES;
				CLANG_WARN_CONSTANT_CONVERSION = YES;
				CLANG_WARN_DIRECT_OBJC_ISA_USAGE = YES_ERROR;
				CLANG_WARN_EMPTY_BODY = YES;
				CLANG_WARN_ENUM_CONVERSION = YES;
				CLANG_WARN_INT_CONVERSION = YES;
				CLANG_WARN_OBJC_ROOT_CLASS = YES_ERROR;
				CLANG_WARN_UNREACHABLE_CODE = YES;
				CLANG_WARN__DUPLICATE_METHOD_MATCH = YES;
				CODE_SIGN_IDENTITY = "iPhone Developer: Tao Xu (6GSMGRQH2S)";
				"CODE_SIGN_IDENTITY[sdk=iphoneos*]" = "iPhone Developer: Tao Xu (6GSMGRQH2S)";
				COPY_PHASE_STRIP = NO;
				DEBUG_INFORMATION_FORMAT = "dwarf-with-dsym";
				ENABLE_STRICT_OBJC_MSGSEND = YES;
				GCC_C_LANGUAGE_STANDARD = gnu99;
				GCC_DYNAMIC_NO_PIC = NO;
				GCC_NO_COMMON_BLOCKS = YES;
				GCC_OPTIMIZATION_LEVEL = 0;
				GCC_PREPROCESSOR_DEFINITIONS = (
					"DEBUG=1",
					"$(inherited)",
				);
				GCC_SYMBOLS_PRIVATE_EXTERN = NO;
				GCC_WARN_64_TO_32_BIT_CONVERSION = YES;
				GCC_WARN_ABOUT_RETURN_TYPE = YES_ERROR;
				GCC_WARN_UNDECLARED_SELECTOR = YES;
				GCC_WARN_UNINITIALIZED_AUTOS = YES_AGGRESSIVE;
				GCC_WARN_UNUSED_FUNCTION = YES;
				GCC_WARN_UNUSED_VARIABLE = YES;
				IPHONEOS_DEPLOYMENT_TARGET = 8.3;
				MTL_ENABLE_DEBUG_INFO = YES;
				ONLY_ACTIVE_ARCH = YES;
				PROVISIONING_PROFILE = "471da9a4-398e-49ab-a66d-bbbd0cf153e5";
				SDKROOT = iphoneos;
			};
			name = Debug;
		};
		89BD6A9E1B9AEAAD00225B4B /* Release */ = {
			isa = XCBuildConfiguration;
			buildSettings = {
				ALWAYS_SEARCH_USER_PATHS = NO;
				CLANG_CXX_LANGUAGE_STANDARD = "gnu++0x";
				CLANG_CXX_LIBRARY = "libc++";
				CLANG_ENABLE_MODULES = YES;
				CLANG_ENABLE_OBJC_ARC = YES;
				CLANG_WARN_BOOL_CONVERSION = YES;
				CLANG_WARN_CONSTANT_CONVERSION = YES;
				CLANG_WARN_DIRECT_OBJC_ISA_USAGE = YES_ERROR;
				CLANG_WARN_EMPTY_BODY = YES;
				CLANG_WARN_ENUM_CONVERSION = YES;
				CLANG_WARN_INT_CONVERSION = YES;
				CLANG_WARN_OBJC_ROOT_CLASS = YES_ERROR;
				CLANG_WARN_UNREACHABLE_CODE = YES;
				CLANG_WARN__DUPLICATE_METHOD_MATCH = YES;
				CODE_SIGN_IDENTITY = "iPhone Developer: Tao Xu (6GSMGRQH2S)";
				"CODE_SIGN_IDENTITY[sdk=iphoneos*]" = "iPhone Developer: Tao Xu (6GSMGRQH2S)";
				COPY_PHASE_STRIP = NO;
				DEBUG_INFORMATION_FORMAT = "dwarf-with-dsym";
				ENABLE_NS_ASSERTIONS = NO;
				ENABLE_STRICT_OBJC_MSGSEND = YES;
				GCC_C_LANGUAGE_STANDARD = gnu99;
				GCC_NO_COMMON_BLOCKS = YES;
				GCC_WARN_64_TO_32_BIT_CONVERSION = YES;
				GCC_WARN_ABOUT_RETURN_TYPE = YES_ERROR;
				GCC_WARN_UNDECLARED_SELECTOR = YES;
				GCC_WARN_UNINITIALIZED_AUTOS = YES_AGGRESSIVE;
				GCC_WARN_UNUSED_FUNCTION = YES;
				GCC_WARN_UNUSED_VARIABLE = YES;
				IPHONEOS_DEPLOYMENT_TARGET = 8.3;
				MTL_ENABLE_DEBUG_INFO = NO;
				PROVISIONING_PROFILE = "471da9a4-398e-49ab-a66d-bbbd0cf153e5";
				SDKROOT = iphoneos;
				VALIDATE_PRODUCT = YES;
			};
			name = Release;
		};
		89BD6AA01B9AEAAD00225B4B /* Debug */ = {
			isa = XCBuildConfiguration;
			buildSettings = {
				ASSETCATALOG_COMPILER_APPICON_NAME = AppIcon;
				ASSETCATALOG_COMPILER_LAUNCHIMAGE_NAME = LaunchImage;
				CODE_SIGN_IDENTITY = "iPhone Developer";
				"CODE_SIGN_IDENTITY[sdk=iphoneos*]" = "iPhone Developer";
				INFOPLIST_FILE = CoreNavVC/Info.plist;
				IPHONEOS_DEPLOYMENT_TARGET = 7.0;
				LD_RUNPATH_SEARCH_PATHS = "$(inherited) @executable_path/Frameworks";
				PRODUCT_NAME = "$(TARGET_NAME)";
				PROVISIONING_PROFILE = "";
			};
			name = Debug;
		};
		89BD6AA11B9AEAAD00225B4B /* Release */ = {
			isa = XCBuildConfiguration;
			buildSettings = {
				ASSETCATALOG_COMPILER_APPICON_NAME = AppIcon;
				ASSETCATALOG_COMPILER_LAUNCHIMAGE_NAME = LaunchImage;
				CODE_SIGN_IDENTITY = "iPhone Developer";
				"CODE_SIGN_IDENTITY[sdk=iphoneos*]" = "iPhone Developer";
				INFOPLIST_FILE = CoreNavVC/Info.plist;
				IPHONEOS_DEPLOYMENT_TARGET = 7.0;
				LD_RUNPATH_SEARCH_PATHS = "$(inherited) @executable_path/Frameworks";
				PRODUCT_NAME = "$(TARGET_NAME)";
				PROVISIONING_PROFILE = "";
			};
			name = Release;
		};
		89BD6AA31B9AEAAD00225B4B /* Debug */ = {
			isa = XCBuildConfiguration;
			buildSettings = {
				BUNDLE_LOADER = "$(TEST_HOST)";
				CODE_SIGN_IDENTITY = "iPhone Developer";
				"CODE_SIGN_IDENTITY[sdk=iphoneos*]" = "iPhone Developer";
				FRAMEWORK_SEARCH_PATHS = (
					"$(SDKROOT)/Developer/Library/Frameworks",
					"$(inherited)",
				);
				GCC_PREPROCESSOR_DEFINITIONS = (
					"DEBUG=1",
					"$(inherited)",
				);
				INFOPLIST_FILE = CoreNavVCTests/Info.plist;
				LD_RUNPATH_SEARCH_PATHS = "$(inherited) @executable_path/Frameworks @loader_path/Frameworks";
				PRODUCT_NAME = "$(TARGET_NAME)";
				PROVISIONING_PROFILE = "";
				TEST_HOST = "$(BUILT_PRODUCTS_DIR)/CoreNavVC.app/CoreNavVC";
			};
			name = Debug;
		};
		89BD6AA41B9AEAAD00225B4B /* Release */ = {
			isa = XCBuildConfiguration;
			buildSettings = {
				BUNDLE_LOADER = "$(TEST_HOST)";
				CODE_SIGN_IDENTITY = "iPhone Developer";
				"CODE_SIGN_IDENTITY[sdk=iphoneos*]" = "iPhone Developer";
				FRAMEWORK_SEARCH_PATHS = (
					"$(SDKROOT)/Developer/Library/Frameworks",
					"$(inherited)",
				);
				INFOPLIST_FILE = CoreNavVCTests/Info.plist;
				LD_RUNPATH_SEARCH_PATHS = "$(inherited) @executable_path/Frameworks @loader_path/Frameworks";
				PRODUCT_NAME = "$(TARGET_NAME)";
				PROVISIONING_PROFILE = "";
				TEST_HOST = "$(BUILT_PRODUCTS_DIR)/CoreNavVC.app/CoreNavVC";
			};
			name = Release;
		};
/* End XCBuildConfiguration section */

/* Begin XCConfigurationList section */
		89BD6A771B9AEAAD00225B4B /* Build configuration list for PBXProject "CoreNavVC" */ = {
			isa = XCConfigurationList;
			buildConfigurations = (
				89BD6A9D1B9AEAAD00225B4B /* Debug */,
				89BD6A9E1B9AEAAD00225B4B /* Release */,
			);
			defaultConfigurationIsVisible = 0;
			defaultConfigurationName = Release;
		};
		89BD6A9F1B9AEAAD00225B4B /* Build configuration list for PBXNativeTarget "CoreNavVC" */ = {
			isa = XCConfigurationList;
			buildConfigurations = (
				89BD6AA01B9AEAAD00225B4B /* Debug */,
				89BD6AA11B9AEAAD00225B4B /* Release */,
			);
			defaultConfigurationIsVisible = 0;
			defaultConfigurationName = Release;
		};
		89BD6AA21B9AEAAD00225B4B /* Build configuration list for PBXNativeTarget "CoreNavVCTests" */ = {
			isa = XCConfigurationList;
			buildConfigurations = (
				89BD6AA31B9AEAAD00225B4B /* Debug */,
				89BD6AA41B9AEAAD00225B4B /* Release */,
			);
			defaultConfigurationIsVisible = 0;
			defaultConfigurationName = Release;
		};
/* End XCConfigurationList section */
	};
	rootObject = 89BD6A741B9AEAAD00225B4B /* Project object */;
}
