// !$*UTF8*$!
{
	archiveVersion = 1;
	classes = {
	};
	objectVersion = 46;
	objects = {

/* Begin PBXBuildFile section */
		893FC0AC1C259D0B00BA59BD /* AppNavVC.m in Sources */ = {isa = PBXBuildFile; fileRef = 893FC0AB1C259D0B00BA59BD /* AppNavVC.m */; };
		894626361CF3FB6700D74800 /* HomeTVC.m in Sources */ = {isa = PBXBuildFile; fileRef = 894626351CF3FB6700D74800 /* HomeTVC.m */; };
		894626391CF3FDDF00D74800 /* FooterView.m in Sources */ = {isa = PBXBuildFile; fileRef = 894626381CF3FDDF00D74800 /* FooterView.m */; };
		8946263E1CF3FE2800D74800 /* FooterView.xib in Resources */ = {isa = PBXBuildFile; fileRef = 8946263D1CF3FE2800D74800 /* FooterView.xib */; };
		894626421CF4013200D74800 /* HomeCell.m in Sources */ = {isa = PBXBuildFile; fileRef = 894626401CF4013200D74800 /* HomeCell.m */; };
		894626431CF4013200D74800 /* HomeCell.xib in Resources */ = {isa = PBXBuildFile; fileRef = 894626411CF4013200D74800 /* HomeCell.xib */; };
		894CB0B51C6EB6840047DBC1 /* FlipAnimatedTransitioning.m in Sources */ = {isa = PBXBuildFile; fileRef = 894CB0B41C6EB6840047DBC1 /* FlipAnimatedTransitioning.m */; };
		896CA3C21C6D710A003D477F /* ShapeLayerAnimatedTransitioning.m in Sources */ = {isa = PBXBuildFile; fileRef = 896CA3C11C6D710A003D477F /* ShapeLayerAnimatedTransitioning.m */; };
		896CA3C71C6D9383003D477F /* CALayer+Transition.m in Sources */ = {isa = PBXBuildFile; fileRef = 896CA3C61C6D9383003D477F /* CALayer+Transition.m */; };
		89A018521D0DAB9E00FF8CEA /* ZoomScaleVC.xib in Resources */ = {isa = PBXBuildFile; fileRef = 89A018511D0DAB9E00FF8CEA /* ZoomScaleVC.xib */; };
		89A018561D0DADC300FF8CEA /* TopView.m in Sources */ = {isa = PBXBuildFile; fileRef = 89A018551D0DADC300FF8CEA /* TopView.m */; };
		89A0185A1D0DADE700FF8CEA /* TopView.xib in Resources */ = {isa = PBXBuildFile; fileRef = 89A018591D0DADE700FF8CEA /* TopView.xib */; };
		89A7E55F1C4741090057AEEF /* UIView+CoreNavLayout.m in Sources */ = {isa = PBXBuildFile; fileRef = 89A7E55E1C4741090057AEEF /* UIView+CoreNavLayout.m */; };
		89A7E5621C474D640057AEEF /* UIViewController+Pop.m in Sources */ = {isa = PBXBuildFile; fileRef = 89A7E5611C474D640057AEEF /* UIViewController+Pop.m */; };
		89B438B11BBB7EDC009196B3 /* CoreNavVC.m in Sources */ = {isa = PBXBuildFile; fileRef = 89B438951BBB7EDC009196B3 /* CoreNavVC.m */; };
		89B438B21BBB7EDC009196B3 /* UIColor+NavExtend.m in Sources */ = {isa = PBXBuildFile; fileRef = 89B438991BBB7EDC009196B3 /* UIColor+NavExtend.m */; };
		89B438B31BBB7EDC009196B3 /* UIImage+NavColor.m in Sources */ = {isa = PBXBuildFile; fileRef = 89B4389B1BBB7EDC009196B3 /* UIImage+NavColor.m */; };
		89B438B41BBB7EDC009196B3 /* UINavigationController+FDFullscreenPopGesture.m in Sources */ = {isa = PBXBuildFile; fileRef = 89B4389E1BBB7EDC009196B3 /* UINavigationController+FDFullscreenPopGesture.m */; };
		89B438B51BBB7EDC009196B3 /* ToolNetWorkSolveVC.m in Sources */ = {isa = PBXBuildFile; fileRef = 89B438A11BBB7EDC009196B3 /* ToolNetWorkSolveVC.m */; };
		89B438B61BBB7EDC009196B3 /* ToolNetWorkSolveVC.xib in Resources */ = {isa = PBXBuildFile; fileRef = 89B438A21BBB7EDC009196B3 /* ToolNetWorkSolveVC.xib */; };
		89B438B71BBB7EDC009196B3 /* ToolNetWorkView.m in Sources */ = {isa = PBXBuildFile; fileRef = 89B438A41BBB7EDC009196B3 /* ToolNetWorkView.m */; };
		89B438B81BBB7EDC009196B3 /* ToolNetWorkView.xib in Resources */ = {isa = PBXBuildFile; fileRef = 89B438A51BBB7EDC009196B3 /* ToolNetWorkView.xib */; };
		89B438BC1BBB7EDC009196B3 /* TipView.m in Sources */ = {isa = PBXBuildFile; fileRef = 89B438AF1BBB7EDC009196B3 /* TipView.m */; };
		89B438BD1BBB7EDC009196B3 /* TipView.xib in Resources */ = {isa = PBXBuildFile; fileRef = 89B438B01BBB7EDC009196B3 /* TipView.xib */; };
		89BD6A821B9AEAAD00225B4B /* main.m in Sources */ = {isa = PBXBuildFile; fileRef = 89BD6A811B9AEAAD00225B4B /* main.m */; };
		89BD6A851B9AEAAD00225B4B /* AppDelegate.m in Sources */ = {isa = PBXBuildFile; fileRef = 89BD6A841B9AEAAD00225B4B /* AppDelegate.m */; };
		89BD6A8B1B9AEAAD00225B4B /* Main.storyboard in Resources */ = {isa = PBXBuildFile; fileRef = 89BD6A891B9AEAAD00225B4B /* Main.storyboard */; };
		89BD6A8D1B9AEAAD00225B4B /* Images.xcassets in Resources */ = {isa = PBXBuildFile; fileRef = 89BD6A8C1B9AEAAD00225B4B /* Images.xcassets */; };
		89BD6A901B9AEAAD00225B4B /* LaunchScreen.xib in Resources */ = {isa = PBXBuildFile; fileRef = 89BD6A8E1B9AEAAD00225B4B /* LaunchScreen.xib */; };
		89BD6A9C1B9AEAAD00225B4B /* CoreNavVCTests.m in Sources */ = {isa = PBXBuildFile; fileRef = 89BD6A9B1B9AEAAD00225B4B /* CoreNavVCTests.m */; };
		89BD6ACD1B9AEB5B00225B4B /* CoreStatus.m in Sources */ = {isa = PBXBuildFile; fileRef = 89BD6AC91B9AEB5B00225B4B /* CoreStatus.m */; };
		89BD6ACE1B9AEB5B00225B4B /* Reachability.m in Sources */ = {isa = PBXBuildFile; fileRef = 89BD6ACC1B9AEB5B00225B4B /* Reachability.m */; };
		89CBE0CF1CF5531B00760009 /* PopBackVC.m in Sources */ = {isa = PBXBuildFile; fileRef = 89CBE0CE1CF5531B00760009 /* PopBackVC.m */; };
		89CCFBFB1C37E3E500B6500D /* UIBarButtonItem+Appearance.m in Sources */ = {isa = PBXBuildFile; fileRef = 89CCFBF81C37E3E500B6500D /* UIBarButtonItem+Appearance.m */; };
		89CCFBFC1C37E3E500B6500D /* UINavigationController+Appearance.m in Sources */ = {isa = PBXBuildFile; fileRef = 89CCFBFA1C37E3E500B6500D /* UINavigationController+Appearance.m */; };
		89D153B01D0D0B6900B26CA7 /* ZoomScaleVC.m in Sources */ = {isa = PBXBuildFile; fileRef = 89D153AF1D0D0B6900B26CA7 /* ZoomScaleVC.m */; };
		89DB14D61C2AC93E00FF6667 /* CoreNavVC+TipView.m in Sources */ = {isa = PBXBuildFile; fileRef = 89DB14D51C2AC93E00FF6667 /* CoreNavVC+TipView.m */; };
		89DB14D91C2AC9DA00FF6667 /* CoreNavVC+Reachability.m in Sources */ = {isa = PBXBuildFile; fileRef = 89DB14D81C2AC9DA00FF6667 /* CoreNavVC+Reachability.m */; };
		89DB14DC1C2ACA3A00FF6667 /* CoreNavVC+LifeFunc.m in Sources */ = {isa = PBXBuildFile; fileRef = 89DB14DB1C2ACA3A00FF6667 /* CoreNavVC+LifeFunc.m */; };
		89DB14DF1C2ACB4600FF6667 /* CoreNavVC+Push_Pop.m in Sources */ = {isa = PBXBuildFile; fileRef = 89DB14DE1C2ACB4600FF6667 /* CoreNavVC+Push_Pop.m */; };
		89DB14E21C2ACE8100FF6667 /* UINavigationController+Plus.m in Sources */ = {isa = PBXBuildFile; fileRef = 89DB14E11C2ACE8100FF6667 /* UINavigationController+Plus.m */; };
		89DB14E81C2AD16200FF6667 /* VCPopView.m in Sources */ = {isa = PBXBuildFile; fileRef = 89DB14E71C2AD16200FF6667 /* VCPopView.m */; };
		89DB14EA1C2AD16C00FF6667 /* VCPopView.xib in Resources */ = {isa = PBXBuildFile; fileRef = 89DB14E91C2AD16C00FF6667 /* VCPopView.xib */; };
		89DB14F01C2AD8AD00FF6667 /* UIViewController+scrollNavBar.m in Sources */ = {isa = PBXBuildFile; fileRef = 89DB14EF1C2AD8AD00FF6667 /* UIViewController+scrollNavBar.m */; };
		89DF027E1C1BD0690068C719 /* CoreNavVC.bundle in Resources */ = {isa = PBXBuildFile; fileRef = 89DF027D1C1BD0690068C719 /* CoreNavVC.bundle */; };
		89FEF7B61C6CA37D00C66E08 /* RotationAnimatedTransitioning.m in Sources */ = {isa = PBXBuildFile; fileRef = 89FEF7B51C6CA37D00C66E08 /* RotationAnimatedTransitioning.m */; };
		89FEF7B91C6CA3A900C66E08 /* PinterestAnimatedTransitioning.m in Sources */ = {isa = PBXBuildFile; fileRef = 89FEF7B81C6CA3A900C66E08 /* PinterestAnimatedTransitioning.m */; };
/* End PBXBuildFile section */

/* Begin PBXContainerItemProxy section */
		89BD6A961B9AEAAD00225B4B /* PBXContainerItemProxy */ = {
			isa = PBXContainerItemProxy;
			containerPortal = 89BD6A741B9AEAAD00225B4B /* Project object */;
			proxyType = 1;
			remoteGlobalIDString = 89BD6A7B1B9AEAAD00225B4B;
			remoteInfo = CoreNavVC;
		};
/* End PBXContainerItemProxy section */

/* Begin PBXFileReference section */
		8924EE6C1C37C8D000856531 /* CategoryProperty+CoreNavVC.h */ = {isa = PBXFileReference; lastKnownFileType = sourcecode.c.h; path = "CategoryProperty+CoreNavVC.h"; sourceTree = "<group>"; };
		893FC0AA1C259D0B00BA59BD /* AppNavVC.h */ = {isa = PBXFileReference; fileEncoding = 4; lastKnownFileType = sourcecode.c.h; path = AppNavVC.h; sourceTree = "<group>"; };
		893FC0AB1C259D0B00BA59BD /* AppNavVC.m */ = {isa = PBXFileReference; fileEncoding = 4; lastKnownFileType = sourcecode.c.objc; path = AppNavVC.m; sourceTree = "<group>"; };
		894626341CF3FB6700D74800 /* HomeTVC.h */ = {isa = PBXFileReference; fileEncoding = 4; lastKnownFileType = sourcecode.c.h; path = HomeTVC.h; sourceTree = "<group>"; };
		894626351CF3FB6700D74800 /* HomeTVC.m */ = {isa = PBXFileReference; fileEncoding = 4; lastKnownFileType = sourcecode.c.objc; path = HomeTVC.m; sourceTree = "<group>"; };
		894626371CF3FDDF00D74800 /* FooterView.h */ = {isa = PBXFileReference; fileEncoding = 4; lastKnownFileType = sourcecode.c.h; path = FooterView.h; sourceTree = "<group>"; };
		894626381CF3FDDF00D74800 /* FooterView.m */ = {isa = PBXFileReference; fileEncoding = 4; lastKnownFileType = sourcecode.c.objc; path = FooterView.m; sourceTree = "<group>"; };
		8946263D1CF3FE2800D74800 /* FooterView.xib */ = {isa = PBXFileReference; fileEncoding = 4; lastKnownFileType = file.xib; path = FooterView.xib; sourceTree = "<group>"; };
		8946263F1CF4013200D74800 /* HomeCell.h */ = {isa = PBXFileReference; fileEncoding = 4; lastKnownFileType = sourcecode.c.h; path = HomeCell.h; sourceTree = "<group>"; };
		894626401CF4013200D74800 /* HomeCell.m */ = {isa = PBXFileReference; fileEncoding = 4; lastKnownFileType = sourcecode.c.objc; path = HomeCell.m; sourceTree = "<group>"; };
		894626411CF4013200D74800 /* HomeCell.xib */ = {isa = PBXFileReference; fileEncoding = 4; lastKnownFileType = file.xib; path = HomeCell.xib; sourceTree = "<group>"; };
		894CB0B31C6EB6840047DBC1 /* FlipAnimatedTransitioning.h */ = {isa = PBXFileReference; fileEncoding = 4; lastKnownFileType = sourcecode.c.h; path = FlipAnimatedTransitioning.h; sourceTree = "<group>"; };
		894CB0B41C6EB6840047DBC1 /* FlipAnimatedTransitioning.m */ = {isa = PBXFileReference; fileEncoding = 4; lastKnownFileType = sourcecode.c.objc; path = FlipAnimatedTransitioning.m; sourceTree = "<group>"; };
		896CA3C01C6D710A003D477F /* ShapeLayerAnimatedTransitioning.h */ = {isa = PBXFileReference; fileEncoding = 4; lastKnownFileType = sourcecode.c.h; path = ShapeLayerAnimatedTransitioning.h; sourceTree = "<group>"; };
		896CA3C11C6D710A003D477F /* ShapeLayerAnimatedTransitioning.m */ = {isa = PBXFileReference; fileEncoding = 4; lastKnownFileType = sourcecode.c.objc; path = ShapeLayerAnimatedTransitioning.m; sourceTree = "<group>"; };
		896CA3C51C6D9383003D477F /* CALayer+Transition.h */ = {isa = PBXFileReference; fileEncoding = 4; lastKnownFileType = sourcecode.c.h; path = "CALayer+Transition.h"; sourceTree = "<group>"; };
		896CA3C61C6D9383003D477F /* CALayer+Transition.m */ = {isa = PBXFileReference; fileEncoding = 4; lastKnownFileType = sourcecode.c.objc; path = "CALayer+Transition.m"; sourceTree = "<group>"; };
		89A018511D0DAB9E00FF8CEA /* ZoomScaleVC.xib */ = {isa = PBXFileReference; fileEncoding = 4; lastKnownFileType = file.xib; path = ZoomScaleVC.xib; sourceTree = "<group>"; };
		89A018541D0DADC300FF8CEA /* TopView.h */ = {isa = PBXFileReference; fileEncoding = 4; lastKnownFileType = sourcecode.c.h; path = TopView.h; sourceTree = "<group>"; };
		89A018551D0DADC300FF8CEA /* TopView.m */ = {isa = PBXFileReference; fileEncoding = 4; lastKnownFileType = sourcecode.c.objc; path = TopView.m; sourceTree = "<group>"; };
		89A018591D0DADE700FF8CEA /* TopView.xib */ = {isa = PBXFileReference; fileEncoding = 4; lastKnownFileType = file.xib; path = TopView.xib; sourceTree = "<group>"; };
		89A7E55D1C4741090057AEEF /* UIView+CoreNavLayout.h */ = {isa = PBXFileReference; fileEncoding = 4; lastKnownFileType = sourcecode.c.h; path = "UIView+CoreNavLayout.h"; sourceTree = "<group>"; };
		89A7E55E1C4741090057AEEF /* UIView+CoreNavLayout.m */ = {isa = PBXFileReference; fileEncoding = 4; lastKnownFileType = sourcecode.c.objc; path = "UIView+CoreNavLayout.m"; sourceTree = "<group>"; };
		89A7E5601C474D640057AEEF /* UIViewController+Pop.h */ = {isa = PBXFileReference; fileEncoding = 4; lastKnownFileType = sourcecode.c.h; path = "UIViewController+Pop.h"; sourceTree = "<group>"; };
		89A7E5611C474D640057AEEF /* UIViewController+Pop.m */ = {isa = PBXFileReference; fileEncoding = 4; lastKnownFileType = sourcecode.c.objc; path = "UIViewController+Pop.m"; sourceTree = "<group>"; };
		89B438941BBB7EDC009196B3 /* CoreNavVC.h */ = {isa = PBXFileReference; fileEncoding = 4; lastKnownFileType = sourcecode.c.h; path = CoreNavVC.h; sourceTree = "<group>"; };
		89B438951BBB7EDC009196B3 /* CoreNavVC.m */ = {isa = PBXFileReference; fileEncoding = 4; lastKnownFileType = sourcecode.c.objc; path = CoreNavVC.m; sourceTree = "<group>"; };
		89B438981BBB7EDC009196B3 /* UIColor+NavExtend.h */ = {isa = PBXFileReference; fileEncoding = 4; lastKnownFileType = sourcecode.c.h; path = "UIColor+NavExtend.h"; sourceTree = "<group>"; };
		89B438991BBB7EDC009196B3 /* UIColor+NavExtend.m */ = {isa = PBXFileReference; fileEncoding = 4; lastKnownFileType = sourcecode.c.objc; path = "UIColor+NavExtend.m"; sourceTree = "<group>"; };
		89B4389A1BBB7EDC009196B3 /* UIImage+NavColor.h */ = {isa = PBXFileReference; fileEncoding = 4; lastKnownFileType = sourcecode.c.h; path = "UIImage+NavColor.h"; sourceTree = "<group>"; };
		89B4389B1BBB7EDC009196B3 /* UIImage+NavColor.m */ = {isa = PBXFileReference; fileEncoding = 4; lastKnownFileType = sourcecode.c.objc; path = "UIImage+NavColor.m"; sourceTree = "<group>"; };
		89B4389D1BBB7EDC009196B3 /* UINavigationController+FDFullscreenPopGesture.h */ = {isa = PBXFileReference; fileEncoding = 4; lastKnownFileType = sourcecode.c.h; path = "UINavigationController+FDFullscreenPopGesture.h"; sourceTree = "<group>"; };
		89B4389E1BBB7EDC009196B3 /* UINavigationController+FDFullscreenPopGesture.m */ = {isa = PBXFileReference; fileEncoding = 4; lastKnownFileType = sourcecode.c.objc; path = "UINavigationController+FDFullscreenPopGesture.m"; sourceTree = "<group>"; };
		89B438A01BBB7EDC009196B3 /* ToolNetWorkSolveVC.h */ = {isa = PBXFileReference; fileEncoding = 4; lastKnownFileType = sourcecode.c.h; path = ToolNetWorkSolveVC.h; sourceTree = "<group>"; };
		89B438A11BBB7EDC009196B3 /* ToolNetWorkSolveVC.m */ = {isa = PBXFileReference; fileEncoding = 4; lastKnownFileType = sourcecode.c.objc; path = ToolNetWorkSolveVC.m; sourceTree = "<group>"; };
		89B438A21BBB7EDC009196B3 /* ToolNetWorkSolveVC.xib */ = {isa = PBXFileReference; fileEncoding = 4; lastKnownFileType = file.xib; path = ToolNetWorkSolveVC.xib; sourceTree = "<group>"; };
		89B438A31BBB7EDC009196B3 /* ToolNetWorkView.h */ = {isa = PBXFileReference; fileEncoding = 4; lastKnownFileType = sourcecode.c.h; path = ToolNetWorkView.h; sourceTree = "<group>"; };
		89B438A41BBB7EDC009196B3 /* ToolNetWorkView.m */ = {isa = PBXFileReference; fileEncoding = 4; lastKnownFileType = sourcecode.c.objc; path = ToolNetWorkView.m; sourceTree = "<group>"; };
		89B438A51BBB7EDC009196B3 /* ToolNetWorkView.xib */ = {isa = PBXFileReference; fileEncoding = 4; lastKnownFileType = file.xib; path = ToolNetWorkView.xib; sourceTree = "<group>"; };
		89B438AE1BBB7EDC009196B3 /* TipView.h */ = {isa = PBXFileReference; fileEncoding = 4; lastKnownFileType = sourcecode.c.h; path = TipView.h; sourceTree = "<group>"; };
		89B438AF1BBB7EDC009196B3 /* TipView.m */ = {isa = PBXFileReference; fileEncoding = 4; lastKnownFileType = sourcecode.c.objc; path = TipView.m; sourceTree = "<group>"; };
		89B438B01BBB7EDC009196B3 /* TipView.xib */ = {isa = PBXFileReference; fileEncoding = 4; lastKnownFileType = file.xib; path = TipView.xib; sourceTree = "<group>"; };
		89BD6A7C1B9AEAAD00225B4B /* CoreNavVC.app */ = {isa = PBXFileReference; explicitFileType = wrapper.application; includeInIndex = 0; path = CoreNavVC.app; sourceTree = BUILT_PRODUCTS_DIR; };
		89BD6A801B9AEAAD00225B4B /* Info.plist */ = {isa = PBXFileReference; lastKnownFileType = text.plist.xml; path = Info.plist; sourceTree = "<group>"; };
		89BD6A811B9AEAAD00225B4B /* main.m */ = {isa = PBXFileReference; lastKnownFileType = sourcecode.c.objc; path = main.m; sourceTree = "<group>"; };
		89BD6A831B9AEAAD00225B4B /* AppDelegate.h */ = {isa = PBXFileReference; lastKnownFileType = sourcecode.c.h; path = AppDelegate.h; sourceTree = "<group>"; };
		89BD6A841B9AEAAD00225B4B /* AppDelegate.m */ = {isa = PBXFileReference; lastKnownFileType = sourcecode.c.objc; path = AppDelegate.m; sourceTree = "<group>"; };
		89BD6A8A1B9AEAAD00225B4B /* Base */ = {isa = PBXFileReference; lastKnownFileType = file.storyboard; name = Base; path = Base.lproj/Main.storyboard; sourceTree = "<group>"; };
		89BD6A8C1B9AEAAD00225B4B /* Images.xcassets */ = {isa = PBXFileReference; lastKnownFileType = folder.assetcatalog; path = Images.xcassets; sourceTree = "<group>"; };
		89BD6A8F1B9AEAAD00225B4B /* Base */ = {isa = PBXFileReference; lastKnownFileType = file.xib; name = Base; path = Base.lproj/LaunchScreen.xib; sourceTree = "<group>"; };
		89BD6A951B9AEAAD00225B4B /* CoreNavVCTests.xctest */ = {isa = PBXFileReference; explicitFileType = wrapper.cfbundle; includeInIndex = 0; path = CoreNavVCTests.xctest; sourceTree = BUILT_PRODUCTS_DIR; };
		89BD6A9A1B9AEAAD00225B4B /* Info.plist */ = {isa = PBXFileReference; lastKnownFileType = text.plist.xml; path = Info.plist; sourceTree = "<group>"; };
		89BD6A9B1B9AEAAD00225B4B /* CoreNavVCTests.m */ = {isa = PBXFileReference; lastKnownFileType = sourcecode.c.objc; path = CoreNavVCTests.m; sourceTree = "<group>"; };
		89BD6AC81B9AEB5B00225B4B /* CoreStatus.h */ = {isa = PBXFileReference; fileEncoding = 4; lastKnownFileType = sourcecode.c.h; path = CoreStatus.h; sourceTree = "<group>"; };
		89BD6AC91B9AEB5B00225B4B /* CoreStatus.m */ = {isa = PBXFileReference; fileEncoding = 4; lastKnownFileType = sourcecode.c.objc; path = CoreStatus.m; sourceTree = "<group>"; };
		89BD6ACB1B9AEB5B00225B4B /* Reachability.h */ = {isa = PBXFileReference; fileEncoding = 4; lastKnownFileType = sourcecode.c.h; path = Reachability.h; sourceTree = "<group>"; };
		89BD6ACC1B9AEB5B00225B4B /* Reachability.m */ = {isa = PBXFileReference; fileEncoding = 4; lastKnownFileType = sourcecode.c.objc; path = Reachability.m; sourceTree = "<group>"; };
		89CBE0CD1CF5531B00760009 /* PopBackVC.h */ = {isa = PBXFileReference; fileEncoding = 4; lastKnownFileType = sourcecode.c.h; path = PopBackVC.h; sourceTree = "<group>"; };
		89CBE0CE1CF5531B00760009 /* PopBackVC.m */ = {isa = PBXFileReference; fileEncoding = 4; lastKnownFileType = sourcecode.c.objc; path = PopBackVC.m; sourceTree = "<group>"; };
		89CCFBF71C37E3E500B6500D /* UIBarButtonItem+Appearance.h */ = {isa = PBXFileReference; fileEncoding = 4; lastKnownFileType = sourcecode.c.h; path = "UIBarButtonItem+Appearance.h"; sourceTree = "<group>"; };
		89CCFBF81C37E3E500B6500D /* UIBarButtonItem+Appearance.m */ = {isa = PBXFileReference; fileEncoding = 4; lastKnownFileType = sourcecode.c.objc; path = "UIBarButtonItem+Appearance.m"; sourceTree = "<group>"; };
		89CCFBF91C37E3E500B6500D /* UINavigationController+Appearance.h */ = {isa = PBXFileReference; fileEncoding = 4; lastKnownFileType = sourcecode.c.h; path = "UINavigationController+Appearance.h"; sourceTree = "<group>"; };
		89CCFBFA1C37E3E500B6500D /* UINavigationController+Appearance.m */ = {isa = PBXFileReference; fileEncoding = 4; lastKnownFileType = sourcecode.c.objc; path = "UINavigationController+Appearance.m"; sourceTree = "<group>"; };
		89D153AE1D0D0B6900B26CA7 /* ZoomScaleVC.h */ = {isa = PBXFileReference; fileEncoding = 4; lastKnownFileType = sourcecode.c.h; path = ZoomScaleVC.h; sourceTree = "<group>"; };
		89D153AF1D0D0B6900B26CA7 /* ZoomScaleVC.m */ = {isa = PBXFileReference; fileEncoding = 4; lastKnownFileType = sourcecode.c.objc; path = ZoomScaleVC.m; sourceTree = "<group>"; };
		89DB14D41C2AC93E00FF6667 /* CoreNavVC+TipView.h */ = {isa = PBXFileReference; fileEncoding = 4; lastKnownFileType = sourcecode.c.h; path = "CoreNavVC+TipView.h"; sourceTree = "<group>"; };
		89DB14D51C2AC93E00FF6667 /* CoreNavVC+TipView.m */ = {isa = PBXFileReference; fileEncoding = 4; lastKnownFileType = sourcecode.c.objc; path = "CoreNavVC+TipView.m"; sourceTree = "<group>"; };
		89DB14D71C2AC9DA00FF6667 /* CoreNavVC+Reachability.h */ = {isa = PBXFileReference; fileEncoding = 4; lastKnownFileType = sourcecode.c.h; path = "CoreNavVC+Reachability.h"; sourceTree = "<group>"; };
		89DB14D81C2AC9DA00FF6667 /* CoreNavVC+Reachability.m */ = {isa = PBXFileReference; fileEncoding = 4; lastKnownFileType = sourcecode.c.objc; path = "CoreNavVC+Reachability.m"; sourceTree = "<group>"; };
		89DB14DA1C2ACA3A00FF6667 /* CoreNavVC+LifeFunc.h */ = {isa = PBXFileReference; fileEncoding = 4; lastKnownFileType = sourcecode.c.h; path = "CoreNavVC+LifeFunc.h"; sourceTree = "<group>"; };
		89DB14DB1C2ACA3A00FF6667 /* CoreNavVC+LifeFunc.m */ = {isa = PBXFileReference; fileEncoding = 4; lastKnownFileType = sourcecode.c.objc; path = "CoreNavVC+LifeFunc.m"; sourceTree = "<group>"; };
		89DB14DD1C2ACB4600FF6667 /* CoreNavVC+Push_Pop.h */ = {isa = PBXFileReference; fileEncoding = 4; lastKnownFileType = sourcecode.c.h; path = "CoreNavVC+Push_Pop.h"; sourceTree = "<group>"; };
		89DB14DE1C2ACB4600FF6667 /* CoreNavVC+Push_Pop.m */ = {isa = PBXFileReference; fileEncoding = 4; lastKnownFileType = sourcecode.c.objc; path = "CoreNavVC+Push_Pop.m"; sourceTree = "<group>"; };
		89DB14E01C2ACE8100FF6667 /* UINavigationController+Plus.h */ = {isa = PBXFileReference; fileEncoding = 4; lastKnownFileType = sourcecode.c.h; path = "UINavigationController+Plus.h"; sourceTree = "<group>"; };
		89DB14E11C2ACE8100FF6667 /* UINavigationController+Plus.m */ = {isa = PBXFileReference; fileEncoding = 4; lastKnownFileType = sourcecode.c.objc; path = "UINavigationController+Plus.m"; sourceTree = "<group>"; };
		89DB14E61C2AD16200FF6667 /* VCPopView.h */ = {isa = PBXFileReference; fileEncoding = 4; lastKnownFileType = sourcecode.c.h; path = VCPopView.h; sourceTree = "<group>"; };
		89DB14E71C2AD16200FF6667 /* VCPopView.m */ = {isa = PBXFileReference; fileEncoding = 4; lastKnownFileType = sourcecode.c.objc; path = VCPopView.m; sourceTree = "<group>"; };
		89DB14E91C2AD16C00FF6667 /* VCPopView.xib */ = {isa = PBXFileReference; fileEncoding = 4; lastKnownFileType = file.xib; path = VCPopView.xib; sourceTree = "<group>"; };
		89DB14EE1C2AD8AD00FF6667 /* UIViewController+scrollNavBar.h */ = {isa = PBXFileReference; fileEncoding = 4; lastKnownFileType = sourcecode.c.h; path = "UIViewController+scrollNavBar.h"; sourceTree = "<group>"; };
		89DB14EF1C2AD8AD00FF6667 /* UIViewController+scrollNavBar.m */ = {isa = PBXFileReference; fileEncoding = 4; lastKnownFileType = sourcecode.c.objc; path = "UIViewController+scrollNavBar.m"; sourceTree = "<group>"; };
		89DF027D1C1BD0690068C719 /* CoreNavVC.bundle */ = {isa = PBXFileReference; lastKnownFileType = "wrapper.plug-in"; path = CoreNavVC.bundle; sourceTree = "<group>"; };
		89FEF7B41C6CA37D00C66E08 /* RotationAnimatedTransitioning.h */ = {isa = PBXFileReference; fileEncoding = 4; lastKnownFileType = sourcecode.c.h; path = RotationAnimatedTransitioning.h; sourceTree = "<group>"; };
		89FEF7B51C6CA37D00C66E08 /* RotationAnimatedTransitioning.m */ = {isa = PBXFileReference; fileEncoding = 4; lastKnownFileType = sourcecode.c.objc; path = RotationAnimatedTransitioning.m; sourceTree = "<group>"; };
		89FEF7B71C6CA3A900C66E08 /* PinterestAnimatedTransitioning.h */ = {isa = PBXFileReference; fileEncoding = 4; lastKnownFileType = sourcecode.c.h; path = PinterestAnimatedTransitioning.h; sourceTree = "<group>"; };
		89FEF7B81C6CA3A900C66E08 /* PinterestAnimatedTransitioning.m */ = {isa = PBXFileReference; fileEncoding = 4; lastKnownFileType = sourcecode.c.objc; path = PinterestAnimatedTransitioning.m; sourceTree = "<group>"; };
/* End PBXFileReference section */

/* Begin PBXFrameworksBuildPhase section */
		89BD6A791B9AEAAD00225B4B /* Frameworks */ = {
			isa = PBXFrameworksBuildPhase;
			buildActionMask = 2147483647;
			files = (
			);
			runOnlyForDeploymentPostprocessing = 0;
		};
		89BD6A921B9AEAAD00225B4B /* Frameworks */ = {
			isa = PBXFrameworksBuildPhase;
			buildActionMask = 2147483647;
			files = (
			);
			runOnlyForDeploymentPostprocessing = 0;
		};
/* End PBXFrameworksBuildPhase section */

/* Begin PBXGroup section */
		8924EE6B1C37C8B900856531 /* CategoryProperty */ = {
			isa = PBXGroup;
			children = (
				8924EE6C1C37C8D000856531 /* CategoryProperty+CoreNavVC.h */,
			);
			path = CategoryProperty;
			sourceTree = "<group>";
		};
		8946263B1CF3FDF000D74800 /* Project */ = {
			isa = PBXGroup;
			children = (
				89D153AD1D0D0B4100B26CA7 /* Two */,
				89D153AC1D0D0B3C00B26CA7 /* One */,
			);
			name = Project;
			sourceTree = "<group>";
		};
		8946263C1CF3FDFC00D74800 /* Common */ = {
			isa = PBXGroup;
			children = (
				893FC0AA1C259D0B00BA59BD /* AppNavVC.h */,
				893FC0AB1C259D0B00BA59BD /* AppNavVC.m */,
			);
			name = Common;
			sourceTree = "<group>";
		};
		894CB0B21C6EB6840047DBC1 /* Flip */ = {
			isa = PBXGroup;
			children = (
				894CB0B31C6EB6840047DBC1 /* FlipAnimatedTransitioning.h */,
				894CB0B41C6EB6840047DBC1 /* FlipAnimatedTransitioning.m */,
			);
			path = Flip;
			sourceTree = "<group>";
		};
		896CA3BF1C6D710A003D477F /* ShapeLayer */ = {
			isa = PBXGroup;
			children = (
				896CA3C01C6D710A003D477F /* ShapeLayerAnimatedTransitioning.h */,
				896CA3C11C6D710A003D477F /* ShapeLayerAnimatedTransitioning.m */,
			);
			path = ShapeLayer;
			sourceTree = "<group>";
		};
		896CA3C41C6D9383003D477F /* CoreTransition */ = {
			isa = PBXGroup;
			children = (
				896CA3C51C6D9383003D477F /* CALayer+Transition.h */,
				896CA3C61C6D9383003D477F /* CALayer+Transition.m */,
			);
			path = CoreTransition;
			sourceTree = "<group>";
		};
		89A018531D0DADAF00FF8CEA /* Top */ = {
			isa = PBXGroup;
			children = (
				89A018541D0DADC300FF8CEA /* TopView.h */,
				89A018551D0DADC300FF8CEA /* TopView.m */,
				89A018591D0DADE700FF8CEA /* TopView.xib */,
			);
			name = Top;
			sourceTree = "<group>";
		};
		89B438931BBB7EDC009196B3 /* CoreNavVC */ = {
			isa = PBXGroup;
			children = (
				89B438941BBB7EDC009196B3 /* CoreNavVC.h */,
				89B438951BBB7EDC009196B3 /* CoreNavVC.m */,
				89B438961BBB7EDC009196B3 /* Lib */,
			);
			path = CoreNavVC;
			sourceTree = "<group>";
		};
		89B438961BBB7EDC009196B3 /* Lib */ = {
			isa = PBXGroup;
			children = (
				8924EE6B1C37C8B900856531 /* CategoryProperty */,
				89DB14D01C2AC90800FF6667 /* Controller */,
				89B438971BBB7EDC009196B3 /* Category */,
				89B4389C1BBB7EDC009196B3 /* FDFullscreenPopGesture */,
				89B4389F1BBB7EDC009196B3 /* NetWork */,
				89B438AB1BBB7EDC009196B3 /* Resource */,
				89B438AD1BBB7EDC009196B3 /* TipView */,
				89FEF7B11C6CA37D00C66E08 /* CustomPushPop */,
			);
			path = Lib;
			sourceTree = "<group>";
		};
		89B438971BBB7EDC009196B3 /* Category */ = {
			isa = PBXGroup;
			children = (
				89B438981BBB7EDC009196B3 /* UIColor+NavExtend.h */,
				89B438991BBB7EDC009196B3 /* UIColor+NavExtend.m */,
				89B4389A1BBB7EDC009196B3 /* UIImage+NavColor.h */,
				89B4389B1BBB7EDC009196B3 /* UIImage+NavColor.m */,
				89CCFBF71C37E3E500B6500D /* UIBarButtonItem+Appearance.h */,
				89CCFBF81C37E3E500B6500D /* UIBarButtonItem+Appearance.m */,
				89CCFBF91C37E3E500B6500D /* UINavigationController+Appearance.h */,
				89CCFBFA1C37E3E500B6500D /* UINavigationController+Appearance.m */,
				89A7E55D1C4741090057AEEF /* UIView+CoreNavLayout.h */,
				89A7E55E1C4741090057AEEF /* UIView+CoreNavLayout.m */,
			);
			path = Category;
			sourceTree = "<group>";
		};
		89B4389C1BBB7EDC009196B3 /* FDFullscreenPopGesture */ = {
			isa = PBXGroup;
			children = (
				89B4389D1BBB7EDC009196B3 /* UINavigationController+FDFullscreenPopGesture.h */,
				89B4389E1BBB7EDC009196B3 /* UINavigationController+FDFullscreenPopGesture.m */,
			);
			path = FDFullscreenPopGesture;
			sourceTree = "<group>";
		};
		89B4389F1BBB7EDC009196B3 /* NetWork */ = {
			isa = PBXGroup;
			children = (
				89B438A01BBB7EDC009196B3 /* ToolNetWorkSolveVC.h */,
				89B438A11BBB7EDC009196B3 /* ToolNetWorkSolveVC.m */,
				89B438A21BBB7EDC009196B3 /* ToolNetWorkSolveVC.xib */,
				89B438A31BBB7EDC009196B3 /* ToolNetWorkView.h */,
				89B438A41BBB7EDC009196B3 /* ToolNetWorkView.m */,
				89B438A51BBB7EDC009196B3 /* ToolNetWorkView.xib */,
			);
			path = NetWork;
			sourceTree = "<group>";
		};
		89B438AB1BBB7EDC009196B3 /* Resource */ = {
			isa = PBXGroup;
			children = (
				89DF027D1C1BD0690068C719 /* CoreNavVC.bundle */,
			);
			path = Resource;
			sourceTree = "<group>";
		};
		89B438AD1BBB7EDC009196B3 /* TipView */ = {
			isa = PBXGroup;
			children = (
				89B438AE1BBB7EDC009196B3 /* TipView.h */,
				89B438AF1BBB7EDC009196B3 /* TipView.m */,
				89B438B01BBB7EDC009196B3 /* TipView.xib */,
			);
			path = TipView;
			sourceTree = "<group>";
		};
		89BD6A731B9AEAAD00225B4B = {
			isa = PBXGroup;
			children = (
				89BD6A7E1B9AEAAD00225B4B /* CoreNavVC */,
				89BD6A981B9AEAAD00225B4B /* CoreNavVCTests */,
				89BD6A7D1B9AEAAD00225B4B /* Products */,
			);
			sourceTree = "<group>";
		};
		89BD6A7D1B9AEAAD00225B4B /* Products */ = {
			isa = PBXGroup;
			children = (
				89BD6A7C1B9AEAAD00225B4B /* CoreNavVC.app */,
				89BD6A951B9AEAAD00225B4B /* CoreNavVCTests.xctest */,
			);
			name = Products;
			sourceTree = "<group>";
		};
		89BD6A7E1B9AEAAD00225B4B /* CoreNavVC */ = {
			isa = PBXGroup;
			children = (
				89B438931BBB7EDC009196B3 /* CoreNavVC */,
				89BD6AA61B9AEACC00225B4B /* Framework */,
				8946263C1CF3FDFC00D74800 /* Common */,
				8946263B1CF3FDF000D74800 /* Project */,
				89BD6A7F1B9AEAAD00225B4B /* Supporting Files */,
			);
			path = CoreNavVC;
			sourceTree = "<group>";
		};
		89BD6A7F1B9AEAAD00225B4B /* Supporting Files */ = {
			isa = PBXGroup;
			children = (
				89BD6A891B9AEAAD00225B4B /* Main.storyboard */,
				89BD6A8C1B9AEAAD00225B4B /* Images.xcassets */,
				89BD6A8E1B9AEAAD00225B4B /* LaunchScreen.xib */,
				89BD6A831B9AEAAD00225B4B /* AppDelegate.h */,
				89BD6A841B9AEAAD00225B4B /* AppDelegate.m */,
				89BD6A801B9AEAAD00225B4B /* Info.plist */,
				89BD6A811B9AEAAD00225B4B /* main.m */,
			);
			name = "Supporting Files";
			sourceTree = "<group>";
		};
		89BD6A981B9AEAAD00225B4B /* CoreNavVCTests */ = {
			isa = PBXGroup;
			children = (
				89BD6A9B1B9AEAAD00225B4B /* CoreNavVCTests.m */,
				89BD6A991B9AEAAD00225B4B /* Supporting Files */,
			);
			path = CoreNavVCTests;
			sourceTree = "<group>";
		};
		89BD6A991B9AEAAD00225B4B /* Supporting Files */ = {
			isa = PBXGroup;
			children = (
				89BD6A9A1B9AEAAD00225B4B /* Info.plist */,
			);
			name = "Supporting Files";
			sourceTree = "<group>";
		};
		89BD6AA61B9AEACC00225B4B /* Framework */ = {
			isa = PBXGroup;
			children = (
				896CA3C41C6D9383003D477F /* CoreTransition */,
				89BD6AC71B9AEB5B00225B4B /* CoreStatus */,
			);
			path = Framework;
			sourceTree = "<group>";
		};
		89BD6AC71B9AEB5B00225B4B /* CoreStatus */ = {
			isa = PBXGroup;
			children = (
				89BD6AC81B9AEB5B00225B4B /* CoreStatus.h */,
				89BD6AC91B9AEB5B00225B4B /* CoreStatus.m */,
				89BD6ACA1B9AEB5B00225B4B /* Reachability */,
			);
			path = CoreStatus;
			sourceTree = "<group>";
		};
		89BD6ACA1B9AEB5B00225B4B /* Reachability */ = {
			isa = PBXGroup;
			children = (
				89BD6ACB1B9AEB5B00225B4B /* Reachability.h */,
				89BD6ACC1B9AEB5B00225B4B /* Reachability.m */,
			);
			path = Reachability;
			sourceTree = "<group>";
		};
		89D153AC1D0D0B3C00B26CA7 /* One */ = {
			isa = PBXGroup;
			children = (
				894626341CF3FB6700D74800 /* HomeTVC.h */,
				894626351CF3FB6700D74800 /* HomeTVC.m */,
				89CBE0CD1CF5531B00760009 /* PopBackVC.h */,
				89CBE0CE1CF5531B00760009 /* PopBackVC.m */,
				8946263F1CF4013200D74800 /* HomeCell.h */,
				894626401CF4013200D74800 /* HomeCell.m */,
				894626411CF4013200D74800 /* HomeCell.xib */,
				894626371CF3FDDF00D74800 /* FooterView.h */,
				894626381CF3FDDF00D74800 /* FooterView.m */,
				8946263D1CF3FE2800D74800 /* FooterView.xib */,
			);
			name = One;
			sourceTree = "<group>";
		};
		89D153AD1D0D0B4100B26CA7 /* Two */ = {
			isa = PBXGroup;
			children = (
				89A018531D0DADAF00FF8CEA /* Top */,
				89D153AE1D0D0B6900B26CA7 /* ZoomScaleVC.h */,
				89D153AF1D0D0B6900B26CA7 /* ZoomScaleVC.m */,
				89A018511D0DAB9E00FF8CEA /* ZoomScaleVC.xib */,
			);
			name = Two;
			sourceTree = "<group>";
		};
		89DB14D01C2AC90800FF6667 /* Controller */ = {
			isa = PBXGroup;
			children = (
				89DB14D41C2AC93E00FF6667 /* CoreNavVC+TipView.h */,
				89DB14D51C2AC93E00FF6667 /* CoreNavVC+TipView.m */,
				89DB14D71C2AC9DA00FF6667 /* CoreNavVC+Reachability.h */,
				89DB14D81C2AC9DA00FF6667 /* CoreNavVC+Reachability.m */,
				89DB14DA1C2ACA3A00FF6667 /* CoreNavVC+LifeFunc.h */,
				89DB14DB1C2ACA3A00FF6667 /* CoreNavVC+LifeFunc.m */,
				89DB14DD1C2ACB4600FF6667 /* CoreNavVC+Push_Pop.h */,
				89DB14DE1C2ACB4600FF6667 /* CoreNavVC+Push_Pop.m */,
				89DB14E01C2ACE8100FF6667 /* UINavigationController+Plus.h */,
				89DB14E11C2ACE8100FF6667 /* UINavigationController+Plus.m */,
				89DB14EE1C2AD8AD00FF6667 /* UIViewController+scrollNavBar.h */,
				89DB14EF1C2AD8AD00FF6667 /* UIViewController+scrollNavBar.m */,
				89A7E5601C474D640057AEEF /* UIViewController+Pop.h */,
				89A7E5611C474D640057AEEF /* UIViewController+Pop.m */,
				89DB14E61C2AD16200FF6667 /* VCPopView.h */,
				89DB14E71C2AD16200FF6667 /* VCPopView.m */,
				89DB14E91C2AD16C00FF6667 /* VCPopView.xib */,
			);
			path = Controller;
			sourceTree = "<group>";
		};
		89FEF7B11C6CA37D00C66E08 /* CustomPushPop */ = {
			isa = PBXGroup;
			children = (
				894CB0B21C6EB6840047DBC1 /* Flip */,
				896CA3BF1C6D710A003D477F /* ShapeLayer */,
				89FEF7B21C6CA37D00C66E08 /* Pinterest */,
				89FEF7B31C6CA37D00C66E08 /* Rotation */,
			);
			path = CustomPushPop;
			sourceTree = "<group>";
		};
		89FEF7B21C6CA37D00C66E08 /* Pinterest */ = {
			isa = PBXGroup;
			children = (
				89FEF7B71C6CA3A900C66E08 /* PinterestAnimatedTransitioning.h */,
				89FEF7B81C6CA3A900C66E08 /* PinterestAnimatedTransitioning.m */,
			);
			path = Pinterest;
			sourceTree = "<group>";
		};
		89FEF7B31C6CA37D00C66E08 /* Rotation */ = {
			isa = PBXGroup;
			children = (
				89FEF7B41C6CA37D00C66E08 /* RotationAnimatedTransitioning.h */,
				89FEF7B51C6CA37D00C66E08 /* RotationAnimatedTransitioning.m */,
			);
			path = Rotation;
			sourceTree = "<group>";
		};
/* End PBXGroup section */

/* Begin PBXNativeTarget section */
		89BD6A7B1B9AEAAD00225B4B /* CoreNavVC */ = {
			isa = PBXNativeTarget;
			buildConfigurationList = 89BD6A9F1B9AEAAD00225B4B /* Build configuration list for PBXNativeTarget "CoreNavVC" */;
			buildPhases = (
				89BD6A781B9AEAAD00225B4B /* Sources */,
				89BD6A791B9AEAAD00225B4B /* Frameworks */,
				89BD6A7A1B9AEAAD00225B4B /* Resources */,
			);
			buildRules = (
			);
			dependencies = (
			);
			name = CoreNavVC;
			productName = CoreNavVC;
			productReference = 89BD6A7C1B9AEAAD00225B4B /* CoreNavVC.app */;
			productType = "com.apple.product-type.application";
		};
		89BD6A941B9AEAAD00225B4B /* CoreNavVCTests */ = {
			isa = PBXNativeTarget;
			buildConfigurationList = 89BD6AA21B9AEAAD00225B4B /* Build configuration list for PBXNativeTarget "CoreNavVCTests" */;
			buildPhases = (
				89BD6A911B9AEAAD00225B4B /* Sources */,
				89BD6A921B9AEAAD00225B4B /* Frameworks */,
				89BD6A931B9AEAAD00225B4B /* Resources */,
			);
			buildRules = (
			);
			dependencies = (
				89BD6A971B9AEAAD00225B4B /* PBXTargetDependency */,
			);
			name = CoreNavVCTests;
			productName = CoreNavVCTests;
			productReference = 89BD6A951B9AEAAD00225B4B /* CoreNavVCTests.xctest */;
			productType = "com.apple.product-type.bundle.unit-test";
		};
/* End PBXNativeTarget section */

/* Begin PBXProject section */
		89BD6A741B9AEAAD00225B4B /* Project object */ = {
			isa = PBXProject;
			attributes = {
				LastUpgradeCheck = 0630;
				ORGANIZATIONNAME = "冯成林";
				TargetAttributes = {
					89BD6A7B1B9AEAAD00225B4B = {
						CreatedOnToolsVersion = 6.3.1;
						DevelopmentTeam = P2957GLTVA;
					};
					89BD6A941B9AEAAD00225B4B = {
						CreatedOnToolsVersion = 6.3.1;
						DevelopmentTeam = P2957GLTVA;
						TestTargetID = 89BD6A7B1B9AEAAD00225B4B;
					};
				};
			};
			buildConfigurationList = 89BD6A771B9AEAAD00225B4B /* Build configuration list for PBXProject "CoreNavVC" */;
			compatibilityVersion = "Xcode 3.2";
			developmentRegion = English;
			hasScannedForEncodings = 0;
			knownRegions = (
				en,
				Base,
			);
			mainGroup = 89BD6A731B9AEAAD00225B4B;
			productRefGroup = 89BD6A7D1B9AEAAD00225B4B /* Products */;
			projectDirPath = "";
			projectRoot = "";
			targets = (
				89BD6A7B1B9AEAAD00225B4B /* CoreNavVC */,
				89BD6A941B9AEAAD00225B4B /* CoreNavVCTests */,
			);
		};
/* End PBXProject section */

/* Begin PBXResourcesBuildPhase section */
		89BD6A7A1B9AEAAD00225B4B /* Resources */ = {
			isa = PBXResourcesBuildPhase;
			buildActionMask = 2147483647;
			files = (
				89B438B81BBB7EDC009196B3 /* ToolNetWorkView.xib in Resources */,
				89DB14EA1C2AD16C00FF6667 /* VCPopView.xib in Resources */,
				894626431CF4013200D74800 /* HomeCell.xib in Resources */,
				89BD6A8B1B9AEAAD00225B4B /* Main.storyboard in Resources */,
				89B438B61BBB7EDC009196B3 /* ToolNetWorkSolveVC.xib in Resources */,
				8946263E1CF3FE2800D74800 /* FooterView.xib in Resources */,
				89A0185A1D0DADE700FF8CEA /* TopView.xib in Resources */,
				89BD6A901B9AEAAD00225B4B /* LaunchScreen.xib in Resources */,
				89BD6A8D1B9AEAAD00225B4B /* Images.xcassets in Resources */,
				89DF027E1C1BD0690068C719 /* CoreNavVC.bundle in Resources */,
				89B438BD1BBB7EDC009196B3 /* TipView.xib in Resources */,
				89A018521D0DAB9E00FF8CEA /* ZoomScaleVC.xib in Resources */,
			);
			runOnlyForDeploymentPostprocessing = 0;
		};
		89BD6A931B9AEAAD00225B4B /* Resources */ = {
			isa = PBXResourcesBuildPhase;
			buildActionMask = 2147483647;
			files = (
			);
			runOnlyForDeploymentPostprocessing = 0;
		};
/* End PBXResourcesBuildPhase section */

/* Begin PBXSourcesBuildPhase section */
		89BD6A781B9AEAAD00225B4B /* Sources */ = {
			isa = PBXSourcesBuildPhase;
			buildActionMask = 2147483647;
			files = (
				89BD6ACE1B9AEB5B00225B4B /* Reachability.m in Sources */,
				896CA3C71C6D9383003D477F /* CALayer+Transition.m in Sources */,
				89DB14DF1C2ACB4600FF6667 /* CoreNavVC+Push_Pop.m in Sources */,
				896CA3C21C6D710A003D477F /* ShapeLayerAnimatedTransitioning.m in Sources */,
				89DB14DC1C2ACA3A00FF6667 /* CoreNavVC+LifeFunc.m in Sources */,
				89CCFBFC1C37E3E500B6500D /* UINavigationController+Appearance.m in Sources */,
				894626421CF4013200D74800 /* HomeCell.m in Sources */,
				894626391CF3FDDF00D74800 /* FooterView.m in Sources */,
				89FEF7B91C6CA3A900C66E08 /* PinterestAnimatedTransitioning.m in Sources */,
				89B438B11BBB7EDC009196B3 /* CoreNavVC.m in Sources */,
				89B438BC1BBB7EDC009196B3 /* TipView.m in Sources */,
				89B438B51BBB7EDC009196B3 /* ToolNetWorkSolveVC.m in Sources */,
				894CB0B51C6EB6840047DBC1 /* FlipAnimatedTransitioning.m in Sources */,
				893FC0AC1C259D0B00BA59BD /* AppNavVC.m in Sources */,
				89DB14D61C2AC93E00FF6667 /* CoreNavVC+TipView.m in Sources */,
				89B438B71BBB7EDC009196B3 /* ToolNetWorkView.m in Sources */,
				89B438B41BBB7EDC009196B3 /* UINavigationController+FDFullscreenPopGesture.m in Sources */,
				89DB14E81C2AD16200FF6667 /* VCPopView.m in Sources */,
				89DB14F01C2AD8AD00FF6667 /* UIViewController+scrollNavBar.m in Sources */,
				89DB14E21C2ACE8100FF6667 /* UINavigationController+Plus.m in Sources */,
				89CCFBFB1C37E3E500B6500D /* UIBarButtonItem+Appearance.m in Sources */,
				89B438B21BBB7EDC009196B3 /* UIColor+NavExtend.m in Sources */,
				89CBE0CF1CF5531B00760009 /* PopBackVC.m in Sources */,
				894626361CF3FB6700D74800 /* HomeTVC.m in Sources */,
				89BD6A851B9AEAAD00225B4B /* AppDelegate.m in Sources */,
				89B438B31BBB7EDC009196B3 /* UIImage+NavColor.m in Sources */,
				89DB14D91C2AC9DA00FF6667 /* CoreNavVC+Reachability.m in Sources */,
				89FEF7B61C6CA37D00C66E08 /* RotationAnimatedTransitioning.m in Sources */,
				89A7E55F1C4741090057AEEF /* UIView+CoreNavLayout.m in Sources */,
				89BD6ACD1B9AEB5B00225B4B /* CoreStatus.m in Sources */,
				89A018561D0DADC300FF8CEA /* TopView.m in Sources */,
				89D153B01D0D0B6900B26CA7 /* ZoomScaleVC.m in Sources */,
				89A7E5621C474D640057AEEF /* UIViewController+Pop.m in Sources */,
				89BD6A821B9AEAAD00225B4B /* main.m in Sources */,
			);
			runOnlyForDeploymentPostprocessing = 0;
		};
		89BD6A911B9AEAAD00225B4B /* Sources */ = {
			isa = PBXSourcesBuildPhase;
			buildActionMask = 2147483647;
			files = (
				89BD6A9C1B9AEAAD00225B4B /* CoreNavVCTests.m in Sources */,
			);
			runOnlyForDeploymentPostprocessing = 0;
		};
/* End PBXSourcesBuildPhase section */

/* Begin PBXTargetDependency section */
		89BD6A971B9AEAAD00225B4B /* PBXTargetDependency */ = {
			isa = PBXTargetDependency;
			target = 89BD6A7B1B9AEAAD00225B4B /* CoreNavVC */;
			targetProxy = 89BD6A961B9AEAAD00225B4B /* PBXContainerItemProxy */;
		};
/* End PBXTargetDependency section */

/* Begin PBXVariantGroup section */
		89BD6A891B9AEAAD00225B4B /* Main.storyboard */ = {
			isa = PBXVariantGroup;
			children = (
				89BD6A8A1B9AEAAD00225B4B /* Base */,
			);
			name = Main.storyboard;
			sourceTree = "<group>";
		};
		89BD6A8E1B9AEAAD00225B4B /* LaunchScreen.xib */ = {
			isa = PBXVariantGroup;
			children = (
				89BD6A8F1B9AEAAD00225B4B /* Base */,
			);
			name = LaunchScreen.xib;
			sourceTree = "<group>";
		};
/* End PBXVariantGroup section */

/* Begin XCBuildConfiguration section */
		89BD6A9D1B9AEAAD00225B4B /* Debug */ = {
			isa = XCBuildConfiguration;
			buildSettings = {
				ALWAYS_SEARCH_USER_PATHS = NO;
				CLANG_CXX_LANGUAGE_STANDARD = "gnu++0x";
				CLANG_CXX_LIBRARY = "libc++";
				CLANG_ENABLE_MODULES = YES;
				CLANG_ENABLE_OBJC_ARC = YES;
				CLANG_WARN_BOOL_CONVERSION = YES;
				CLANG_WARN_CONSTANT_CONVERSION = YES;
				CLANG_WARN_DIRECT_OBJC_ISA_USAGE = YES_ERROR;
				CLANG_WARN_EMPTY_BODY = YES;
				CLANG_WARN_ENUM_CONVERSION = YES;
				CLANG_WARN_INT_CONVERSION = YES;
				CLANG_WARN_OBJC_ROOT_CLASS = YES_ERROR;
				CLANG_WARN_UNREACHABLE_CODE = YES;
				CLANG_WARN__DUPLICATE_METHOD_MATCH = YES;
				CODE_SIGN_IDENTITY = "iPhone Developer: Tao Xu (6GSMGRQH2S)";
				"CODE_SIGN_IDENTITY[sdk=iphoneos*]" = "iPhone Developer: Tao Xu (6GSMGRQH2S)";
				COPY_PHASE_STRIP = NO;
				DEBUG_INFORMATION_FORMAT = "dwarf-with-dsym";
				ENABLE_STRICT_OBJC_MSGSEND = YES;
				GCC_C_LANGUAGE_STANDARD = gnu99;
				GCC_DYNAMIC_NO_PIC = NO;
				GCC_NO_COMMON_BLOCKS = YES;
				GCC_OPTIMIZATION_LEVEL = 0;
				GCC_PREPROCESSOR_DEFINITIONS = (
					"DEBUG=1",
					"$(inherited)",
				);
				GCC_SYMBOLS_PRIVATE_EXTERN = NO;
				GCC_WARN_64_TO_32_BIT_CONVERSION = YES;
				GCC_WARN_ABOUT_RETURN_TYPE = YES_ERROR;
				GCC_WARN_UNDECLARED_SELECTOR = YES;
				GCC_WARN_UNINITIALIZED_AUTOS = YES_AGGRESSIVE;
				GCC_WARN_UNUSED_FUNCTION = YES;
				GCC_WARN_UNUSED_VARIABLE = YES;
				IPHONEOS_DEPLOYMENT_TARGET = 8.3;
				MTL_ENABLE_DEBUG_INFO = YES;
				ONLY_ACTIVE_ARCH = YES;
				PROVISIONING_PROFILE = "471da9a4-398e-49ab-a66d-bbbd0cf153e5";
				SDKROOT = iphoneos;
			};
			name = Debug;
		};
		89BD6A9E1B9AEAAD00225B4B /* Release */ = {
			isa = XCBuildConfiguration;
			buildSettings = {
				ALWAYS_SEARCH_USER_PATHS = NO;
				CLANG_CXX_LANGUAGE_STANDARD = "gnu++0x";
				CLANG_CXX_LIBRARY = "libc++";
				CLANG_ENABLE_MODULES = YES;
				CLANG_ENABLE_OBJC_ARC = YES;
				CLANG_WARN_BOOL_CONVERSION = YES;
				CLANG_WARN_CONSTANT_CONVERSION = YES;
				CLANG_WARN_DIRECT_OBJC_ISA_USAGE = YES_ERROR;
				CLANG_WARN_EMPTY_BODY = YES;
				CLANG_WARN_ENUM_CONVERSION = YES;
				CLANG_WARN_INT_CONVERSION = YES;
				CLANG_WARN_OBJC_ROOT_CLASS = YES_ERROR;
				CLANG_WARN_UNREACHABLE_CODE = YES;
				CLANG_WARN__DUPLICATE_METHOD_MATCH = YES;
				CODE_SIGN_IDENTITY = "iPhone Developer: Tao Xu (6GSMGRQH2S)";
				"CODE_SIGN_IDENTITY[sdk=iphoneos*]" = "iPhone Developer: Tao Xu (6GSMGRQH2S)";
				COPY_PHASE_STRIP = NO;
				DEBUG_INFORMATION_FORMAT = "dwarf-with-dsym";
				ENABLE_NS_ASSERTIONS = NO;
				ENABLE_STRICT_OBJC_MSGSEND = YES;
				GCC_C_LANGUAGE_STANDARD = gnu99;
				GCC_NO_COMMON_BLOCKS = YES;
				GCC_WARN_64_TO_32_BIT_CONVERSION = YES;
				GCC_WARN_ABOUT_RETURN_TYPE = YES_ERROR;
				GCC_WARN_UNDECLARED_SELECTOR = YES;
				GCC_WARN_UNINITIALIZED_AUTOS = YES_AGGRESSIVE;
				GCC_WARN_UNUSED_FUNCTION = YES;
				GCC_WARN_UNUSED_VARIABLE = YES;
				IPHONEOS_DEPLOYMENT_TARGET = 8.3;
				MTL_ENABLE_DEBUG_INFO = NO;
				PROVISIONING_PROFILE = "471da9a4-398e-49ab-a66d-bbbd0cf153e5";
				SDKROOT = iphoneos;
				VALIDATE_PRODUCT = YES;
			};
			name = Release;
		};
		89BD6AA01B9AEAAD00225B4B /* Debug */ = {
			isa = XCBuildConfiguration;
			buildSettings = {
				ASSETCATALOG_COMPILER_APPICON_NAME = AppIcon;
				ASSETCATALOG_COMPILER_LAUNCHIMAGE_NAME = LaunchImage;
				CODE_SIGN_IDENTITY = "iPhone Developer";
				"CODE_SIGN_IDENTITY[sdk=iphoneos*]" = "iPhone Developer";
				INFOPLIST_FILE = CoreNavVC/Info.plist;
				IPHONEOS_DEPLOYMENT_TARGET = 7.0;
				LD_RUNPATH_SEARCH_PATHS = "$(inherited) @executable_path/Frameworks";
				PRODUCT_NAME = "$(TARGET_NAME)";
				PROVISIONING_PROFILE = "";
			};
			name = Debug;
		};
		89BD6AA11B9AEAAD00225B4B /* Release */ = {
			isa = XCBuildConfiguration;
			buildSettings = {
				ASSETCATALOG_COMPILER_APPICON_NAME = AppIcon;
				ASSETCATALOG_COMPILER_LAUNCHIMAGE_NAME = LaunchImage;
				CODE_SIGN_IDENTITY = "iPhone Developer";
				"CODE_SIGN_IDENTITY[sdk=iphoneos*]" = "iPhone Developer";
				INFOPLIST_FILE = CoreNavVC/Info.plist;
				IPHONEOS_DEPLOYMENT_TARGET = 7.0;
				LD_RUNPATH_SEARCH_PATHS = "$(inherited) @executable_path/Frameworks";
				PRODUCT_NAME = "$(TARGET_NAME)";
				PROVISIONING_PROFILE = "";
			};
			name = Release;
		};
		89BD6AA31B9AEAAD00225B4B /* Debug */ = {
			isa = XCBuildConfiguration;
			buildSettings = {
				BUNDLE_LOADER = "$(TEST_HOST)";
				CODE_SIGN_IDENTITY = "iPhone Developer";
				"CODE_SIGN_IDENTITY[sdk=iphoneos*]" = "iPhone Developer";
				FRAMEWORK_SEARCH_PATHS = (
					"$(SDKROOT)/Developer/Library/Frameworks",
					"$(inherited)",
				);
				GCC_PREPROCESSOR_DEFINITIONS = (
					"DEBUG=1",
					"$(inherited)",
				);
				INFOPLIST_FILE = CoreNavVCTests/Info.plist;
				LD_RUNPATH_SEARCH_PATHS = "$(inherited) @executable_path/Frameworks @loader_path/Frameworks";
				PRODUCT_NAME = "$(TARGET_NAME)";
				PROVISIONING_PROFILE = "";
				TEST_HOST = "$(BUILT_PRODUCTS_DIR)/CoreNavVC.app/CoreNavVC";
			};
			name = Debug;
		};
		89BD6AA41B9AEAAD00225B4B /* Release */ = {
			isa = XCBuildConfiguration;
			buildSettings = {
				BUNDLE_LOADER = "$(TEST_HOST)";
				CODE_SIGN_IDENTITY = "iPhone Developer";
				"CODE_SIGN_IDENTITY[sdk=iphoneos*]" = "iPhone Developer";
				FRAMEWORK_SEARCH_PATHS = (
					"$(SDKROOT)/Developer/Library/Frameworks",
					"$(inherited)",
				);
				INFOPLIST_FILE = CoreNavVCTests/Info.plist;
				LD_RUNPATH_SEARCH_PATHS = "$(inherited) @executable_path/Frameworks @loader_path/Frameworks";
				PRODUCT_NAME = "$(TARGET_NAME)";
				PROVISIONING_PROFILE = "";
				TEST_HOST = "$(BUILT_PRODUCTS_DIR)/CoreNavVC.app/CoreNavVC";
			};
			name = Release;
		};
/* End XCBuildConfiguration section */

/* Begin XCConfigurationList section */
		89BD6A771B9AEAAD00225B4B /* Build configuration list for PBXProject "CoreNavVC" */ = {
			isa = XCConfigurationList;
			buildConfigurations = (
				89BD6A9D1B9AEAAD00225B4B /* Debug */,
				89BD6A9E1B9AEAAD00225B4B /* Release */,
			);
			defaultConfigurationIsVisible = 0;
			defaultConfigurationName = Release;
		};
		89BD6A9F1B9AEAAD00225B4B /* Build configuration list for PBXNativeTarget "CoreNavVC" */ = {
			isa = XCConfigurationList;
			buildConfigurations = (
				89BD6AA01B9AEAAD00225B4B /* Debug */,
				89BD6AA11B9AEAAD00225B4B /* Release */,
			);
			defaultConfigurationIsVisible = 0;
			defaultConfigurationName = Release;
		};
		89BD6AA21B9AEAAD00225B4B /* Build configuration list for PBXNativeTarget "CoreNavVCTests" */ = {
			isa = XCConfigurationList;
			buildConfigurations = (
				89BD6AA31B9AEAAD00225B4B /* Debug */,
				89BD6AA41B9AEAAD00225B4B /* Release */,
			);
			defaultConfigurationIsVisible = 0;
			defaultConfigurationName = Release;
		};
/* End XCConfigurationList section */
	};
	rootObject = 89BD6A741B9AEAAD00225B4B /* Project object */;
}
